// !$*UTF8*$!
{
	archiveVersion = 1;
	classes = {
	};
	objectVersion = 56;
	objects = {

/* Begin PBXBuildFile section */
		3F6FE87C2B69835F00DBCD2E /* AppDelegate.swift in Sources */ = {isa = PBXBuildFile; fileRef = 3F6FE87B2B69835F00DBCD2E /* AppDelegate.swift */; };
		3F6FE87E2B69835F00DBCD2E /* SceneDelegate.swift in Sources */ = {isa = PBXBuildFile; fileRef = 3F6FE87D2B69835F00DBCD2E /* SceneDelegate.swift */; };
		3F6FE8802B69835F00DBCD2E /* ViewController.swift in Sources */ = {isa = PBXBuildFile; fileRef = 3F6FE87F2B69835F00DBCD2E /* ViewController.swift */; };
		3F6FE8832B69835F00DBCD2E /* Main.storyboard in Resources */ = {isa = PBXBuildFile; fileRef = 3F6FE8812B69835F00DBCD2E /* Main.storyboard */; };
		3F6FE8852B69836100DBCD2E /* Assets.xcassets in Resources */ = {isa = PBXBuildFile; fileRef = 3F6FE8842B69836100DBCD2E /* Assets.xcassets */; };
		3F6FE8882B69836100DBCD2E /* LaunchScreen.storyboard in Resources */ = {isa = PBXBuildFile; fileRef = 3F6FE8862B69836100DBCD2E /* LaunchScreen.storyboard */; };
		3F6FE8932B69836100DBCD2E /* COSC316_FirstAppTests.swift in Sources */ = {isa = PBXBuildFile; fileRef = 3F6FE8922B69836100DBCD2E /* COSC316_FirstAppTests.swift */; };
		3F6FE89D2B69836100DBCD2E /* COSC316_FirstAppUITests.swift in Sources */ = {isa = PBXBuildFile; fileRef = 3F6FE89C2B69836100DBCD2E /* COSC316_FirstAppUITests.swift */; };
		3F6FE89F2B69836100DBCD2E /* COSC316_FirstAppUITestsLaunchTests.swift in Sources */ = {isa = PBXBuildFile; fileRef = 3F6FE89E2B69836100DBCD2E /* COSC316_FirstAppUITestsLaunchTests.swift */; };
/* End PBXBuildFile section */

/* Begin PBXContainerItemProxy section */
		3F6FE88F2B69836100DBCD2E /* PBXContainerItemProxy */ = {
			isa = PBXContainerItemProxy;
			containerPortal = 3F6FE8702B69835F00DBCD2E /* Project object */;
			proxyType = 1;
			remoteGlobalIDString = 3F6FE8772B69835F00DBCD2E;
			remoteInfo = "COSC316-FirstApp";
		};
		3F6FE8992B69836100DBCD2E /* PBXContainerItemProxy */ = {
			isa = PBXContainerItemProxy;
			containerPortal = 3F6FE8702B69835F00DBCD2E /* Project object */;
			proxyType = 1;
			remoteGlobalIDString = 3F6FE8772B69835F00DBCD2E;
			remoteInfo = "COSC316-FirstApp";
		};
/* End PBXContainerItemProxy section */

/* Begin PBXFileReference section */
		3F6FE8782B69835F00DBCD2E /* COSC316-FirstApp.app */ = {isa = PBXFileReference; explicitFileType = wrapper.application; includeInIndex = 0; path = "COSC316-FirstApp.app"; sourceTree = BUILT_PRODUCTS_DIR; };
		3F6FE87B2B69835F00DBCD2E /* AppDelegate.swift */ = {isa = PBXFileReference; lastKnownFileType = sourcecode.swift; path = AppDelegate.swift; sourceTree = "<group>"; };
		3F6FE87D2B69835F00DBCD2E /* SceneDelegate.swift */ = {isa = PBXFileReference; lastKnownFileType = sourcecode.swift; path = SceneDelegate.swift; sourceTree = "<group>"; };
		3F6FE87F2B69835F00DBCD2E /* ViewController.swift */ = {isa = PBXFileReference; lastKnownFileType = sourcecode.swift; path = ViewController.swift; sourceTree = "<group>"; };
		3F6FE8822B69835F00DBCD2E /* Base */ = {isa = PBXFileReference; lastKnownFileType = file.storyboard; name = Base; path = Base.lproj/Main.storyboard; sourceTree = "<group>"; };
		3F6FE8842B69836100DBCD2E /* Assets.xcassets */ = {isa = PBXFileReference; lastKnownFileType = folder.assetcatalog; path = Assets.xcassets; sourceTree = "<group>"; };
		3F6FE8872B69836100DBCD2E /* Base */ = {isa = PBXFileReference; lastKnownFileType = file.storyboard; name = Base; path = Base.lproj/LaunchScreen.storyboard; sourceTree = "<group>"; };
		3F6FE8892B69836100DBCD2E /* Info.plist */ = {isa = PBXFileReference; lastKnownFileType = text.plist.xml; path = Info.plist; sourceTree = "<group>"; };
		3F6FE88E2B69836100DBCD2E /* COSC316-FirstAppTests.xctest */ = {isa = PBXFileReference; explicitFileType = wrapper.cfbundle; includeInIndex = 0; path = "COSC316-FirstAppTests.xctest"; sourceTree = BUILT_PRODUCTS_DIR; };
		3F6FE8922B69836100DBCD2E /* COSC316_FirstAppTests.swift */ = {isa = PBXFileReference; lastKnownFileType = sourcecode.swift; path = COSC316_FirstAppTests.swift; sourceTree = "<group>"; };
		3F6FE8982B69836100DBCD2E /* COSC316-FirstAppUITests.xctest */ = {isa = PBXFileReference; explicitFileType = wrapper.cfbundle; includeInIndex = 0; path = "COSC316-FirstAppUITests.xctest"; sourceTree = BUILT_PRODUCTS_DIR; };
		3F6FE89C2B69836100DBCD2E /* COSC316_FirstAppUITests.swift */ = {isa = PBXFileReference; lastKnownFileType = sourcecode.swift; path = COSC316_FirstAppUITests.swift; sourceTree = "<group>"; };
		3F6FE89E2B69836100DBCD2E /* COSC316_FirstAppUITestsLaunchTests.swift */ = {isa = PBXFileReference; lastKnownFileType = sourcecode.swift; path = COSC316_FirstAppUITestsLaunchTests.swift; sourceTree = "<group>"; };
/* End PBXFileReference section */

/* Begin PBXFrameworksBuildPhase section */
		3F6FE8752B69835F00DBCD2E /* Frameworks */ = {
			isa = PBXFrameworksBuildPhase;
			buildActionMask = 2147483647;
			files = (
			);
			runOnlyForDeploymentPostprocessing = 0;
		};
		3F6FE88B2B69836100DBCD2E /* Frameworks */ = {
			isa = PBXFrameworksBuildPhase;
			buildActionMask = 2147483647;
			files = (
			);
			runOnlyForDeploymentPostprocessing = 0;
		};
		3F6FE8952B69836100DBCD2E /* Frameworks */ = {
			isa = PBXFrameworksBuildPhase;
			buildActionMask = 2147483647;
			files = (
			);
			runOnlyForDeploymentPostprocessing = 0;
		};
/* End PBXFrameworksBuildPhase section */

/* Begin PBXGroup section */
		3F6FE86F2B69835F00DBCD2E = {
			isa = PBXGroup;
			children = (
				3F6FE87A2B69835F00DBCD2E /* COSC316-FirstApp */,
				3F6FE8912B69836100DBCD2E /* COSC316-FirstAppTests */,
				3F6FE89B2B69836100DBCD2E /* COSC316-FirstAppUITests */,
				3F6FE8792B69835F00DBCD2E /* Products */,
			);
			sourceTree = "<group>";
		};
		3F6FE8792B69835F00DBCD2E /* Products */ = {
			isa = PBXGroup;
			children = (
				3F6FE8782B69835F00DBCD2E /* COSC316-FirstApp.app */,
				3F6FE88E2B69836100DBCD2E /* COSC316-FirstAppTests.xctest */,
				3F6FE8982B69836100DBCD2E /* COSC316-FirstAppUITests.xctest */,
			);
			name = Products;
			sourceTree = "<group>";
		};
		3F6FE87A2B69835F00DBCD2E /* COSC316-FirstApp */ = {
			isa = PBXGroup;
			children = (
				3F6FE87B2B69835F00DBCD2E /* AppDelegate.swift */,
				3F6FE87D2B69835F00DBCD2E /* SceneDelegate.swift */,
				3F6FE87F2B69835F00DBCD2E /* ViewController.swift */,
				3F6FE8812B69835F00DBCD2E /* Main.storyboard */,
				3F6FE8842B69836100DBCD2E /* Assets.xcassets */,
				3F6FE8862B69836100DBCD2E /* LaunchScreen.storyboard */,
				3F6FE8892B69836100DBCD2E /* Info.plist */,
			);
			path = "COSC316-FirstApp";
			sourceTree = "<group>";
		};
		3F6FE8912B69836100DBCD2E /* COSC316-FirstAppTests */ = {
			isa = PBXGroup;
			children = (
				3F6FE8922B69836100DBCD2E /* COSC316_FirstAppTests.swift */,
			);
			path = "COSC316-FirstAppTests";
			sourceTree = "<group>";
		};
		3F6FE89B2B69836100DBCD2E /* COSC316-FirstAppUITests */ = {
			isa = PBXGroup;
			children = (
				3F6FE89C2B69836100DBCD2E /* COSC316_FirstAppUITests.swift */,
				3F6FE89E2B69836100DBCD2E /* COSC316_FirstAppUITestsLaunchTests.swift */,
			);
			path = "COSC316-FirstAppUITests";
			sourceTree = "<group>";
		};
/* End PBXGroup section */

/* Begin PBXNativeTarget section */
		3F6FE8772B69835F00DBCD2E /* COSC316-FirstApp */ = {
			isa = PBXNativeTarget;
			buildConfigurationList = 3F6FE8A22B69836100DBCD2E /* Build configuration list for PBXNativeTarget "COSC316-FirstApp" */;
			buildPhases = (
				3F6FE8742B69835F00DBCD2E /* Sources */,
				3F6FE8752B69835F00DBCD2E /* Frameworks */,
				3F6FE8762B69835F00DBCD2E /* Resources */,
			);
			buildRules = (
			);
			dependencies = (
			);
			name = "COSC316-FirstApp";
			productName = "COSC316-FirstApp";
			productReference = 3F6FE8782B69835F00DBCD2E /* COSC316-FirstApp.app */;
			productType = "com.apple.product-type.application";
		};
		3F6FE88D2B69836100DBCD2E /* COSC316-FirstAppTests */ = {
			isa = PBXNativeTarget;
			buildConfigurationList = 3F6FE8A52B69836100DBCD2E /* Build configuration list for PBXNativeTarget "COSC316-FirstAppTests" */;
			buildPhases = (
				3F6FE88A2B69836100DBCD2E /* Sources */,
				3F6FE88B2B69836100DBCD2E /* Frameworks */,
				3F6FE88C2B69836100DBCD2E /* Resources */,
			);
			buildRules = (
			);
			dependencies = (
				3F6FE8902B69836100DBCD2E /* PBXTargetDependency */,
			);
			name = "COSC316-FirstAppTests";
			productName = "COSC316-FirstAppTests";
			productReference = 3F6FE88E2B69836100DBCD2E /* COSC316-FirstAppTests.xctest */;
			productType = "com.apple.product-type.bundle.unit-test";
		};
		3F6FE8972B69836100DBCD2E /* COSC316-FirstAppUITests */ = {
			isa = PBXNativeTarget;
			buildConfigurationList = 3F6FE8A82B69836100DBCD2E /* Build configuration list for PBXNativeTarget "COSC316-FirstAppUITests" */;
			buildPhases = (
				3F6FE8942B69836100DBCD2E /* Sources */,
				3F6FE8952B69836100DBCD2E /* Frameworks */,
				3F6FE8962B69836100DBCD2E /* Resources */,
			);
			buildRules = (
			);
			dependencies = (
				3F6FE89A2B69836100DBCD2E /* PBXTargetDependency */,
			);
			name = "COSC316-FirstAppUITests";
			productName = "COSC316-FirstAppUITests";
			productReference = 3F6FE8982B69836100DBCD2E /* COSC316-FirstAppUITests.xctest */;
			productType = "com.apple.product-type.bundle.ui-testing";
		};
/* End PBXNativeTarget section */

/* Begin PBXProject section */
		3F6FE8702B69835F00DBCD2E /* Project object */ = {
			isa = PBXProject;
			attributes = {
				BuildIndependentTargetsInParallel = 1;
				LastSwiftUpdateCheck = 1420;
				LastUpgradeCheck = 1420;
				TargetAttributes = {
					3F6FE8772B69835F00DBCD2E = {
						CreatedOnToolsVersion = 14.2;
					};
					3F6FE88D2B69836100DBCD2E = {
						CreatedOnToolsVersion = 14.2;
						TestTargetID = 3F6FE8772B69835F00DBCD2E;
					};
					3F6FE8972B69836100DBCD2E = {
						CreatedOnToolsVersion = 14.2;
						TestTargetID = 3F6FE8772B69835F00DBCD2E;
					};
				};
			};
			buildConfigurationList = 3F6FE8732B69835F00DBCD2E /* Build configuration list for PBXProject "COSC316-FirstApp" */;
			compatibilityVersion = "Xcode 14.0";
			developmentRegion = en;
			hasScannedForEncodings = 0;
			knownRegions = (
				en,
				Base,
			);
			mainGroup = 3F6FE86F2B69835F00DBCD2E;
			productRefGroup = 3F6FE8792B69835F00DBCD2E /* Products */;
			projectDirPath = "";
			projectRoot = "";
			targets = (
				3F6FE8772B69835F00DBCD2E /* COSC316-FirstApp */,
				3F6FE88D2B69836100DBCD2E /* COSC316-FirstAppTests */,
				3F6FE8972B69836100DBCD2E /* COSC316-FirstAppUITests */,
			);
		};
/* End PBXProject section */

/* Begin PBXResourcesBuildPhase section */
		3F6FE8762B69835F00DBCD2E /* Resources */ = {
			isa = PBXResourcesBuildPhase;
			buildActionMask = 2147483647;
			files = (
				3F6FE8882B69836100DBCD2E /* LaunchScreen.storyboard in Resources */,
				3F6FE8852B69836100DBCD2E /* Assets.xcassets in Resources */,
				3F6FE8832B69835F00DBCD2E /* Main.storyboard in Resources */,
			);
			runOnlyForDeploymentPostprocessing = 0;
		};
		3F6FE88C2B69836100DBCD2E /* Resources */ = {
			isa = PBXResourcesBuildPhase;
			buildActionMask = 2147483647;
			files = (
			);
			runOnlyForDeploymentPostprocessing = 0;
		};
		3F6FE8962B69836100DBCD2E /* Resources */ = {
			isa = PBXResourcesBuildPhase;
			buildActionMask = 2147483647;
			files = (
			);
			runOnlyForDeploymentPostprocessing = 0;
		};
/* End PBXResourcesBuildPhase section */

/* Begin PBXSourcesBuildPhase section */
		3F6FE8742B69835F00DBCD2E /* Sources */ = {
			isa = PBXSourcesBuildPhase;
			buildActionMask = 2147483647;
			files = (
				3F6FE8802B69835F00DBCD2E /* ViewController.swift in Sources */,
				3F6FE87C2B69835F00DBCD2E /* AppDelegate.swift in Sources */,
				3F6FE87E2B69835F00DBCD2E /* SceneDelegate.swift in Sources */,
			);
			runOnlyForDeploymentPostprocessing = 0;
		};
		3F6FE88A2B69836100DBCD2E /* Sources */ = {
			isa = PBXSourcesBuildPhase;
			buildActionMask = 2147483647;
			files = (
				3F6FE8932B69836100DBCD2E /* COSC316_FirstAppTests.swift in Sources */,
			);
			runOnlyForDeploymentPostprocessing = 0;
		};
		3F6FE8942B69836100DBCD2E /* Sources */ = {
			isa = PBXSourcesBuildPhase;
			buildActionMask = 2147483647;
			files = (
				3F6FE89F2B69836100DBCD2E /* COSC316_FirstAppUITestsLaunchTests.swift in Sources */,
				3F6FE89D2B69836100DBCD2E /* COSC316_FirstAppUITests.swift in Sources */,
			);
			runOnlyForDeploymentPostprocessing = 0;
		};
/* End PBXSourcesBuildPhase section */

/* Begin PBXTargetDependency section */
		3F6FE8902B69836100DBCD2E /* PBXTargetDependency */ = {
			isa = PBXTargetDependency;
			target = 3F6FE8772B69835F00DBCD2E /* COSC316-FirstApp */;
			targetProxy = 3F6FE88F2B69836100DBCD2E /* PBXContainerItemProxy */;
		};
		3F6FE89A2B69836100DBCD2E /* PBXTargetDependency */ = {
			isa = PBXTargetDependency;
			target = 3F6FE8772B69835F00DBCD2E /* COSC316-FirstApp */;
			targetProxy = 3F6FE8992B69836100DBCD2E /* PBXContainerItemProxy */;
		};
/* End PBXTargetDependency section */

/* Begin PBXVariantGroup section */
		3F6FE8812B69835F00DBCD2E /* Main.storyboard */ = {
			isa = PBXVariantGroup;
			children = (
				3F6FE8822B69835F00DBCD2E /* Base */,
			);
			name = Main.storyboard;
			sourceTree = "<group>";
		};
		3F6FE8862B69836100DBCD2E /* LaunchScreen.storyboard */ = {
			isa = PBXVariantGroup;
			children = (
				3F6FE8872B69836100DBCD2E /* Base */,
			);
			name = LaunchScreen.storyboard;
			sourceTree = "<group>";
		};
/* End PBXVariantGroup section */

/* Begin XCBuildConfiguration section */
		3F6FE8A02B69836100DBCD2E /* Debug */ = {
			isa = XCBuildConfiguration;
			buildSettings = {
				ALWAYS_SEARCH_USER_PATHS = NO;
				CLANG_ANALYZER_NONNULL = YES;
				CLANG_ANALYZER_NUMBER_OBJECT_CONVERSION = YES_AGGRESSIVE;
				CLANG_CXX_LANGUAGE_STANDARD = "gnu++20";
				CLANG_ENABLE_MODULES = YES;
				CLANG_ENABLE_OBJC_ARC = YES;
				CLANG_ENABLE_OBJC_WEAK = YES;
				CLANG_WARN_BLOCK_CAPTURE_AUTORELEASING = YES;
				CLANG_WARN_BOOL_CONVERSION = YES;
				CLANG_WARN_COMMA = YES;
				CLANG_WARN_CONSTANT_CONVERSION = YES;
				CLANG_WARN_DEPRECATED_OBJC_IMPLEMENTATIONS = YES;
				CLANG_WARN_DIRECT_OBJC_ISA_USAGE = YES_ERROR;
				CLANG_WARN_DOCUMENTATION_COMMENTS = YES;
				CLANG_WARN_EMPTY_BODY = YES;
				CLANG_WARN_ENUM_CONVERSION = YES;
				CLANG_WARN_INFINITE_RECURSION = YES;
				CLANG_WARN_INT_CONVERSION = YES;
				CLANG_WARN_NON_LITERAL_NULL_CONVERSION = YES;
				CLANG_WARN_OBJC_IMPLICIT_RETAIN_SELF = YES;
				CLANG_WARN_OBJC_LITERAL_CONVERSION = YES;
				CLANG_WARN_OBJC_ROOT_CLASS = YES_ERROR;
				CLANG_WARN_QUOTED_INCLUDE_IN_FRAMEWORK_HEADER = YES;
				CLANG_WARN_RANGE_LOOP_ANALYSIS = YES;
				CLANG_WARN_STRICT_PROTOTYPES = YES;
				CLANG_WARN_SUSPICIOUS_MOVE = YES;
				CLANG_WARN_UNGUARDED_AVAILABILITY = YES_AGGRESSIVE;
				CLANG_WARN_UNREACHABLE_CODE = YES;
				CLANG_WARN__DUPLICATE_METHOD_MATCH = YES;
				COPY_PHASE_STRIP = NO;
				DEBUG_INFORMATION_FORMAT = dwarf;
				ENABLE_STRICT_OBJC_MSGSEND = YES;
				ENABLE_TESTABILITY = YES;
				GCC_C_LANGUAGE_STANDARD = gnu11;
				GCC_DYNAMIC_NO_PIC = NO;
				GCC_NO_COMMON_BLOCKS = YES;
				GCC_OPTIMIZATION_LEVEL = 0;
				GCC_PREPROCESSOR_DEFINITIONS = (
					"DEBUG=1",
					"$(inherited)",
				);
				GCC_WARN_64_TO_32_BIT_CONVERSION = YES;
				GCC_WARN_ABOUT_RETURN_TYPE = YES_ERROR;
				GCC_WARN_UNDECLARED_SELECTOR = YES;
				GCC_WARN_UNINITIALIZED_AUTOS = YES_AGGRESSIVE;
				GCC_WARN_UNUSED_FUNCTION = YES;
				GCC_WARN_UNUSED_VARIABLE = YES;
				IPHONEOS_DEPLOYMENT_TARGET = 16.2;
				MTL_ENABLE_DEBUG_INFO = INCLUDE_SOURCE;
				MTL_FAST_MATH = YES;
				ONLY_ACTIVE_ARCH = YES;
				SDKROOT = iphoneos;
				SWIFT_ACTIVE_COMPILATION_CONDITIONS = DEBUG;
				SWIFT_OPTIMIZATION_LEVEL = "-Onone";
			};
			name = Debug;
		};
		3F6FE8A12B69836100DBCD2E /* Release */ = {
			isa = XCBuildConfiguration;
			buildSettings = {
				ALWAYS_SEARCH_USER_PATHS = NO;
				CLANG_ANALYZER_NONNULL = YES;
				CLANG_ANALYZER_NUMBER_OBJECT_CONVERSION = YES_AGGRESSIVE;
				CLANG_CXX_LANGUAGE_STANDARD = "gnu++20";
				CLANG_ENABLE_MODULES = YES;
				CLANG_ENABLE_OBJC_ARC = YES;
				CLANG_ENABLE_OBJC_WEAK = YES;
				CLANG_WARN_BLOCK_CAPTURE_AUTORELEASING = YES;
				CLANG_WARN_BOOL_CONVERSION = YES;
				CLANG_WARN_COMMA = YES;
				CLANG_WARN_CONSTANT_CONVERSION = YES;
				CLANG_WARN_DEPRECATED_OBJC_IMPLEMENTATIONS = YES;
				CLANG_WARN_DIRECT_OBJC_ISA_USAGE = YES_ERROR;
				CLANG_WARN_DOCUMENTATION_COMMENTS = YES;
				CLANG_WARN_EMPTY_BODY = YES;
				CLANG_WARN_ENUM_CONVERSION = YES;
				CLANG_WARN_INFINITE_RECURSION = YES;
				CLANG_WARN_INT_CONVERSION = YES;
				CLANG_WARN_NON_LITERAL_NULL_CONVERSION = YES;
				CLANG_WARN_OBJC_IMPLICIT_RETAIN_SELF = YES;
				CLANG_WARN_OBJC_LITERAL_CONVERSION = YES;
				CLANG_WARN_OBJC_ROOT_CLASS = YES_ERROR;
				CLANG_WARN_QUOTED_INCLUDE_IN_FRAMEWORK_HEADER = YES;
				CLANG_WARN_RANGE_LOOP_ANALYSIS = YES;
				CLANG_WARN_STRICT_PROTOTYPES = YES;
				CLANG_WARN_SUSPICIOUS_MOVE = YES;
				CLANG_WARN_UNGUARDED_AVAILABILITY = YES_AGGRESSIVE;
				CLANG_WARN_UNREACHABLE_CODE = YES;
				CLANG_WARN__DUPLICATE_METHOD_MATCH = YES;
				COPY_PHASE_STRIP = NO;
				DEBUG_INFORMATION_FORMAT = "dwarf-with-dsym";
				ENABLE_NS_ASSERTIONS = NO;
				ENABLE_STRICT_OBJC_MSGSEND = YES;
				GCC_C_LANGUAGE_STANDARD = gnu11;
				GCC_NO_COMMON_BLOCKS = YES;
				GCC_WARN_64_TO_32_BIT_CONVERSION = YES;
				GCC_WARN_ABOUT_RETURN_TYPE = YES_ERROR;
				GCC_WARN_UNDECLARED_SELECTOR = YES;
				GCC_WARN_UNINITIALIZED_AUTOS = YES_AGGRESSIVE;
				GCC_WARN_UNUSED_FUNCTION = YES;
				GCC_WARN_UNUSED_VARIABLE = YES;
				IPHONEOS_DEPLOYMENT_TARGET = 16.2;
				MTL_ENABLE_DEBUG_INFO = NO;
				MTL_FAST_MATH = YES;
				SDKROOT = iphoneos;
				SWIFT_COMPILATION_MODE = wholemodule;
				SWIFT_OPTIMIZATION_LEVEL = "-O";
				VALIDATE_PRODUCT = YES;
			};
			name = Release;
		};
		3F6FE8A32B69836100DBCD2E /* Debug */ = {
			isa = XCBuildConfiguration;
			buildSettings = {
				ASSETCATALOG_COMPILER_APPICON_NAME = AppIcon;
				ASSETCATALOG_COMPILER_GLOBAL_ACCENT_COLOR_NAME = AccentColor;
				CODE_SIGN_STYLE = Automatic;
				CURRENT_PROJECT_VERSION = 1;
				GENERATE_INFOPLIST_FILE = YES;
				INFOPLIST_FILE = "COSC316-FirstApp/Info.plist";
				INFOPLIST_KEY_UIApplicationSupportsIndirectInputEvents = YES;
				INFOPLIST_KEY_UILaunchStoryboardName = LaunchScreen;
				INFOPLIST_KEY_UIMainStoryboardFile = Main;
				INFOPLIST_KEY_UISupportedInterfaceOrientations_iPad = "UIInterfaceOrientationPortrait UIInterfaceOrientationPortraitUpsideDown UIInterfaceOrientationLandscapeLeft UIInterfaceOrientationLandscapeRight";
				INFOPLIST_KEY_UISupportedInterfaceOrientations_iPhone = "UIInterfaceOrientationPortrait UIInterfaceOrientationLandscapeLeft UIInterfaceOrientationLandscapeRight";
				LD_RUNPATH_SEARCH_PATHS = (
					"$(inherited)",
					"@executable_path/Frameworks",
				);
				MARKETING_VERSION = 1.0;
				PRODUCT_BUNDLE_IDENTIFIER = "jacob.COSC316-FirstApp";
				PRODUCT_NAME = "$(TARGET_NAME)";
				SWIFT_EMIT_LOC_STRINGS = YES;
				SWIFT_VERSION = 5.0;
				TARGETED_DEVICE_FAMILY = "1,2";
			};
			name = Debug;
		};
		3F6FE8A42B69836100DBCD2E /* Release */ = {
			isa = XCBuildConfiguration;
			buildSettings = {
				ASSETCATALOG_COMPILER_APPICON_NAME = AppIcon;
				ASSETCATALOG_COMPILER_GLOBAL_ACCENT_COLOR_NAME = AccentColor;
				CODE_SIGN_STYLE = Automatic;
				CURRENT_PROJECT_VERSION = 1;
				GENERATE_INFOPLIST_FILE = YES;
				INFOPLIST_FILE = "COSC316-FirstApp/Info.plist";
				INFOPLIST_KEY_UIApplicationSupportsIndirectInputEvents = YES;
				INFOPLIST_KEY_UILaunchStoryboardName = LaunchScreen;
				INFOPLIST_KEY_UIMainStoryboardFile = Main;
				INFOPLIST_KEY_UISupportedInterfaceOrientations_iPad = "UIInterfaceOrientationPortrait UIInterfaceOrientationPortraitUpsideDown UIInterfaceOrientationLandscapeLeft UIInterfaceOrientationLandscapeRight";
				INFOPLIST_KEY_UISupportedInterfaceOrientations_iPhone = "UIInterfaceOrientationPortrait UIInterfaceOrientationLandscapeLeft UIInterfaceOrientationLandscapeRight";
				LD_RUNPATH_SEARCH_PATHS = (
					"$(inherited)",
					"@executable_path/Frameworks",
				);
				MARKETING_VERSION = 1.0;
				PRODUCT_BUNDLE_IDENTIFIER = "jacob.COSC316-FirstApp";
				PRODUCT_NAME = "$(TARGET_NAME)";
				SWIFT_EMIT_LOC_STRINGS = YES;
				SWIFT_VERSION = 5.0;
				TARGETED_DEVICE_FAMILY = "1,2";
			};
			name = Release;
		};
		3F6FE8A62B69836100DBCD2E /* Debug */ = {
			isa = XCBuildConfiguration;
			buildSettings = {
				ALWAYS_EMBED_SWIFT_STANDARD_LIBRARIES = YES;
				BUNDLE_LOADER = "$(TEST_HOST)";
				CODE_SIGN_STYLE = Automatic;
				CURRENT_PROJECT_VERSION = 1;
				GENERATE_INFOPLIST_FILE = YES;
				IPHONEOS_DEPLOYMENT_TARGET = 16.2;
				MARKETING_VERSION = 1.0;
				PRODUCT_BUNDLE_IDENTIFIER = "jacob.COSC316-FirstAppTests";
				PRODUCT_NAME = "$(TARGET_NAME)";
				SWIFT_EMIT_LOC_STRINGS = NO;
				SWIFT_VERSION = 5.0;
				TARGETED_DEVICE_FAMILY = "1,2";
				TEST_HOST = "$(BUILT_PRODUCTS_DIR)/COSC316-FirstApp.app/$(BUNDLE_EXECUTABLE_FOLDER_PATH)/COSC316-FirstApp";
			};
			name = Debug;
		};
		3F6FE8A72B69836100DBCD2E /* Release */ = {
			isa = XCBuildConfiguration;
			buildSettings = {
				ALWAYS_EMBED_SWIFT_STANDARD_LIBRARIES = YES;
				BUNDLE_LOADER = "$(TEST_HOST)";
				CODE_SIGN_STYLE = Automatic;
				CURRENT_PROJECT_VERSION = 1;
				GENERATE_INFOPLIST_FILE = YES;
				IPHONEOS_DEPLOYMENT_TARGET = 16.2;
				MARKETING_VERSION = 1.0;
				PRODUCT_BUNDLE_IDENTIFIER = "jacob.COSC316-FirstAppTests";
				PRODUCT_NAME = "$(TARGET_NAME)";
				SWIFT_EMIT_LOC_STRINGS = NO;
				SWIFT_VERSION = 5.0;
				TARGETED_DEVICE_FAMILY = "1,2";
				TEST_HOST = "$(BUILT_PRODUCTS_DIR)/COSC316-FirstApp.app/$(BUNDLE_EXECUTABLE_FOLDER_PATH)/COSC316-FirstApp";
			};
			name = Release;
		};
		3F6FE8A92B69836100DBCD2E /* Debug */ = {
			isa = XCBuildConfiguration;
			buildSettings = {
				ALWAYS_EMBED_SWIFT_STANDARD_LIBRARIES = YES;
				CODE_SIGN_STYLE = Automatic;
				CURRENT_PROJECT_VERSION = 1;
				GENERATE_INFOPLIST_FILE = YES;
				MARKETING_VERSION = 1.0;
				PRODUCT_BUNDLE_IDENTIFIER = "jacob.COSC316-FirstAppUITests";
				PRODUCT_NAME = "$(TARGET_NAME)";
				SWIFT_EMIT_LOC_STRINGS = NO;
				SWIFT_VERSION = 5.0;
				TARGETED_DEVICE_FAMILY = "1,2";
				TEST_TARGET_NAME = "COSC316-FirstApp";
			};
			name = Debug;
		};
		3F6FE8AA2B69836100DBCD2E /* Release */ = {
			isa = XCBuildConfiguration;
			buildSettings = {
				ALWAYS_EMBED_SWIFT_STANDARD_LIBRARIES = YES;
				CODE_SIGN_STYLE = Automatic;
				CURRENT_PROJECT_VERSION = 1;
				GENERATE_INFOPLIST_FILE = YES;
				MARKETING_VERSION = 1.0;
				PRODUCT_BUNDLE_IDENTIFIER = "jacob.COSC316-FirstAppUITests";
				PRODUCT_NAME = "$(TARGET_NAME)";
				SWIFT_EMIT_LOC_STRINGS = NO;
				SWIFT_VERSION = 5.0;
				TARGETED_DEVICE_FAMILY = "1,2";
				TEST_TARGET_NAME = "COSC316-FirstApp";
			};
			name = Release;
		};
/* End XCBuildConfiguration section */

/* Begin XCConfigurationList section */
		3F6FE8732B69835F00DBCD2E /* Build configuration list for PBXProject "COSC316-FirstApp" */ = {
			isa = XCConfigurationList;
			buildConfigurations = (
				3F6FE8A02B69836100DBCD2E /* Debug */,
				3F6FE8A12B69836100DBCD2E /* Release */,
			);
			defaultConfigurationIsVisible = 0;
			defaultConfigurationName = Release;
		};
		3F6FE8A22B69836100DBCD2E /* Build configuration list for PBXNativeTarget "COSC316-FirstApp" */ = {
			isa = XCConfigurationList;
			buildConfigurations = (
				3F6FE8A32B69836100DBCD2E /* Debug */,
				3F6FE8A42B69836100DBCD2E /* Release */,
			);
			defaultConfigurationIsVisible = 0;
			defaultConfigurationName = Release;
		};
		3F6FE8A52B69836100DBCD2E /* Build configuration list for PBXNativeTarget "COSC316-FirstAppTests" */ = {
			isa = XCConfigurationList;
			buildConfigurations = (
				3F6FE8A62B69836100DBCD2E /* Debug */,
				3F6FE8A72B69836100DBCD2E /* Release */,
			);
			defaultConfigurationIsVisible = 0;
			defaultConfigurationName = Release;
		};
		3F6FE8A82B69836100DBCD2E /* Build configuration list for PBXNativeTarget "COSC316-FirstAppUITests" */ = {
			isa = XCConfigurationList;
			buildConfigurations = (
				3F6FE8A92B69836100DBCD2E /* Debug */,
				3F6FE8AA2B69836100DBCD2E /* Release */,
			);
			defaultConfigurationIsVisible = 0;
			defaultConfigurationName = Release;
		};
/* End XCConfigurationList section */
	};
	rootObject = 3F6FE8702B69835F00DBCD2E /* Project object */;
}
