// !$*UTF8*$!
{
	archiveVersion = 1;
	classes = {
	};
	objectVersion = 56;
	objects = {

/* Begin PBXBuildFile section */
		3FE8A60B2B7BF67700936B97 /* AppDelegate.swift in Sources */ = {isa = PBXBuildFile; fileRef = 3FE8A60A2B7BF67700936B97 /* AppDelegate.swift */; };
		3FE8A60D2B7BF67700936B97 /* SceneDelegate.swift in Sources */ = {isa = PBXBuildFile; fileRef = 3FE8A60C2B7BF67700936B97 /* SceneDelegate.swift */; };
		3FE8A60F2B7BF67700936B97 /* ViewController.swift in Sources */ = {isa = PBXBuildFile; fileRef = 3FE8A60E2B7BF67700936B97 /* ViewController.swift */; };
		3FE8A6122B7BF67700936B97 /* Main.storyboard in Resources */ = {isa = PBXBuildFile; fileRef = 3FE8A6102B7BF67700936B97 /* Main.storyboard */; };
		3FE8A6142B7BF67900936B97 /* Assets.xcassets in Resources */ = {isa = PBXBuildFile; fileRef = 3FE8A6132B7BF67900936B97 /* Assets.xcassets */; };
		3FE8A6172B7BF67900936B97 /* LaunchScreen.storyboard in Resources */ = {isa = PBXBuildFile; fileRef = 3FE8A6152B7BF67900936B97 /* LaunchScreen.storyboard */; };
		3FE8A6222B7BF67900936B97 /* DatePickerTests.swift in Sources */ = {isa = PBXBuildFile; fileRef = 3FE8A6212B7BF67900936B97 /* DatePickerTests.swift */; };
		3FE8A62C2B7BF67900936B97 /* DatePickerUITests.swift in Sources */ = {isa = PBXBuildFile; fileRef = 3FE8A62B2B7BF67900936B97 /* DatePickerUITests.swift */; };
		3FE8A62E2B7BF67900936B97 /* DatePickerUITestsLaunchTests.swift in Sources */ = {isa = PBXBuildFile; fileRef = 3FE8A62D2B7BF67900936B97 /* DatePickerUITestsLaunchTests.swift */; };
/* End PBXBuildFile section */

/* Begin PBXContainerItemProxy section */
		3FE8A61E2B7BF67900936B97 /* PBXContainerItemProxy */ = {
			isa = PBXContainerItemProxy;
			containerPortal = 3FE8A5FF2B7BF67700936B97 /* Project object */;
			proxyType = 1;
			remoteGlobalIDString = 3FE8A6062B7BF67700936B97;
			remoteInfo = DatePicker;
		};
		3FE8A6282B7BF67900936B97 /* PBXContainerItemProxy */ = {
			isa = PBXContainerItemProxy;
			containerPortal = 3FE8A5FF2B7BF67700936B97 /* Project object */;
			proxyType = 1;
			remoteGlobalIDString = 3FE8A6062B7BF67700936B97;
			remoteInfo = DatePicker;
		};
/* End PBXContainerItemProxy section */

/* Begin PBXFileReference section */
		3FE8A6072B7BF67700936B97 /* DatePicker.app */ = {isa = PBXFileReference; explicitFileType = wrapper.application; includeInIndex = 0; path = DatePicker.app; sourceTree = BUILT_PRODUCTS_DIR; };
		3FE8A60A2B7BF67700936B97 /* AppDelegate.swift */ = {isa = PBXFileReference; lastKnownFileType = sourcecode.swift; path = AppDelegate.swift; sourceTree = "<group>"; };
		3FE8A60C2B7BF67700936B97 /* SceneDelegate.swift */ = {isa = PBXFileReference; lastKnownFileType = sourcecode.swift; path = SceneDelegate.swift; sourceTree = "<group>"; };
		3FE8A60E2B7BF67700936B97 /* ViewController.swift */ = {isa = PBXFileReference; lastKnownFileType = sourcecode.swift; path = ViewController.swift; sourceTree = "<group>"; };
		3FE8A6112B7BF67700936B97 /* Base */ = {isa = PBXFileReference; lastKnownFileType = file.storyboard; name = Base; path = Base.lproj/Main.storyboard; sourceTree = "<group>"; };
		3FE8A6132B7BF67900936B97 /* Assets.xcassets */ = {isa = PBXFileReference; lastKnownFileType = folder.assetcatalog; path = Assets.xcassets; sourceTree = "<group>"; };
		3FE8A6162B7BF67900936B97 /* Base */ = {isa = PBXFileReference; lastKnownFileType = file.storyboard; name = Base; path = Base.lproj/LaunchScreen.storyboard; sourceTree = "<group>"; };
		3FE8A6182B7BF67900936B97 /* Info.plist */ = {isa = PBXFileReference; lastKnownFileType = text.plist.xml; path = Info.plist; sourceTree = "<group>"; };
		3FE8A61D2B7BF67900936B97 /* DatePickerTests.xctest */ = {isa = PBXFileReference; explicitFileType = wrapper.cfbundle; includeInIndex = 0; path = DatePickerTests.xctest; sourceTree = BUILT_PRODUCTS_DIR; };
		3FE8A6212B7BF67900936B97 /* DatePickerTests.swift */ = {isa = PBXFileReference; lastKnownFileType = sourcecode.swift; path = DatePickerTests.swift; sourceTree = "<group>"; };
		3FE8A6272B7BF67900936B97 /* DatePickerUITests.xctest */ = {isa = PBXFileReference; explicitFileType = wrapper.cfbundle; includeInIndex = 0; path = DatePickerUITests.xctest; sourceTree = BUILT_PRODUCTS_DIR; };
		3FE8A62B2B7BF67900936B97 /* DatePickerUITests.swift */ = {isa = PBXFileReference; lastKnownFileType = sourcecode.swift; path = DatePickerUITests.swift; sourceTree = "<group>"; };
		3FE8A62D2B7BF67900936B97 /* DatePickerUITestsLaunchTests.swift */ = {isa = PBXFileReference; lastKnownFileType = sourcecode.swift; path = DatePickerUITestsLaunchTests.swift; sourceTree = "<group>"; };
/* End PBXFileReference section */

/* Begin PBXFrameworksBuildPhase section */
		3FE8A6042B7BF67700936B97 /* Frameworks */ = {
			isa = PBXFrameworksBuildPhase;
			buildActionMask = 2147483647;
			files = (
			);
			runOnlyForDeploymentPostprocessing = 0;
		};
		3FE8A61A2B7BF67900936B97 /* Frameworks */ = {
			isa = PBXFrameworksBuildPhase;
			buildActionMask = 2147483647;
			files = (
			);
			runOnlyForDeploymentPostprocessing = 0;
		};
		3FE8A6242B7BF67900936B97 /* Frameworks */ = {
			isa = PBXFrameworksBuildPhase;
			buildActionMask = 2147483647;
			files = (
			);
			runOnlyForDeploymentPostprocessing = 0;
		};
/* End PBXFrameworksBuildPhase section */

/* Begin PBXGroup section */
		3FE8A5FE2B7BF67700936B97 = {
			isa = PBXGroup;
			children = (
				3FE8A6092B7BF67700936B97 /* DatePicker */,
				3FE8A6202B7BF67900936B97 /* DatePickerTests */,
				3FE8A62A2B7BF67900936B97 /* DatePickerUITests */,
				3FE8A6082B7BF67700936B97 /* Products */,
			);
			sourceTree = "<group>";
		};
		3FE8A6082B7BF67700936B97 /* Products */ = {
			isa = PBXGroup;
			children = (
				3FE8A6072B7BF67700936B97 /* DatePicker.app */,
				3FE8A61D2B7BF67900936B97 /* DatePickerTests.xctest */,
				3FE8A6272B7BF67900936B97 /* DatePickerUITests.xctest */,
			);
			name = Products;
			sourceTree = "<group>";
		};
		3FE8A6092B7BF67700936B97 /* DatePicker */ = {
			isa = PBXGroup;
			children = (
				3FE8A60A2B7BF67700936B97 /* AppDelegate.swift */,
				3FE8A60C2B7BF67700936B97 /* SceneDelegate.swift */,
				3FE8A60E2B7BF67700936B97 /* ViewController.swift */,
				3FE8A6102B7BF67700936B97 /* Main.storyboard */,
				3FE8A6132B7BF67900936B97 /* Assets.xcassets */,
				3FE8A6152B7BF67900936B97 /* LaunchScreen.storyboard */,
				3FE8A6182B7BF67900936B97 /* Info.plist */,
			);
			path = DatePicker;
			sourceTree = "<group>";
		};
		3FE8A6202B7BF67900936B97 /* DatePickerTests */ = {
			isa = PBXGroup;
			children = (
				3FE8A6212B7BF67900936B97 /* DatePickerTests.swift */,
			);
			path = DatePickerTests;
			sourceTree = "<group>";
		};
		3FE8A62A2B7BF67900936B97 /* DatePickerUITests */ = {
			isa = PBXGroup;
			children = (
				3FE8A62B2B7BF67900936B97 /* DatePickerUITests.swift */,
				3FE8A62D2B7BF67900936B97 /* DatePickerUITestsLaunchTests.swift */,
			);
			path = DatePickerUITests;
			sourceTree = "<group>";
		};
/* End PBXGroup section */

/* Begin PBXNativeTarget section */
		3FE8A6062B7BF67700936B97 /* DatePicker */ = {
			isa = PBXNativeTarget;
			buildConfigurationList = 3FE8A6312B7BF67900936B97 /* Build configuration list for PBXNativeTarget "DatePicker" */;
			buildPhases = (
				3FE8A6032B7BF67700936B97 /* Sources */,
				3FE8A6042B7BF67700936B97 /* Frameworks */,
				3FE8A6052B7BF67700936B97 /* Resources */,
			);
			buildRules = (
			);
			dependencies = (
			);
			name = DatePicker;
			productName = DatePicker;
			productReference = 3FE8A6072B7BF67700936B97 /* DatePicker.app */;
			productType = "com.apple.product-type.application";
		};
		3FE8A61C2B7BF67900936B97 /* DatePickerTests */ = {
			isa = PBXNativeTarget;
			buildConfigurationList = 3FE8A6342B7BF67900936B97 /* Build configuration list for PBXNativeTarget "DatePickerTests" */;
			buildPhases = (
				3FE8A6192B7BF67900936B97 /* Sources */,
				3FE8A61A2B7BF67900936B97 /* Frameworks */,
				3FE8A61B2B7BF67900936B97 /* Resources */,
			);
			buildRules = (
			);
			dependencies = (
				3FE8A61F2B7BF67900936B97 /* PBXTargetDependency */,
			);
			name = DatePickerTests;
			productName = DatePickerTests;
			productReference = 3FE8A61D2B7BF67900936B97 /* DatePickerTests.xctest */;
			productType = "com.apple.product-type.bundle.unit-test";
		};
		3FE8A6262B7BF67900936B97 /* DatePickerUITests */ = {
			isa = PBXNativeTarget;
			buildConfigurationList = 3FE8A6372B7BF67900936B97 /* Build configuration list for PBXNativeTarget "DatePickerUITests" */;
			buildPhases = (
				3FE8A6232B7BF67900936B97 /* Sources */,
				3FE8A6242B7BF67900936B97 /* Frameworks */,
				3FE8A6252B7BF67900936B97 /* Resources */,
			);
			buildRules = (
			);
			dependencies = (
				3FE8A6292B7BF67900936B97 /* PBXTargetDependency */,
			);
			name = DatePickerUITests;
			productName = DatePickerUITests;
			productReference = 3FE8A6272B7BF67900936B97 /* DatePickerUITests.xctest */;
			productType = "com.apple.product-type.bundle.ui-testing";
		};
/* End PBXNativeTarget section */

/* Begin PBXProject section */
		3FE8A5FF2B7BF67700936B97 /* Project object */ = {
			isa = PBXProject;
			attributes = {
				BuildIndependentTargetsInParallel = 1;
				LastSwiftUpdateCheck = 1420;
				LastUpgradeCheck = 1420;
				TargetAttributes = {
					3FE8A6062B7BF67700936B97 = {
						CreatedOnToolsVersion = 14.2;
					};
					3FE8A61C2B7BF67900936B97 = {
						CreatedOnToolsVersion = 14.2;
						TestTargetID = 3FE8A6062B7BF67700936B97;
					};
					3FE8A6262B7BF67900936B97 = {
						CreatedOnToolsVersion = 14.2;
						TestTargetID = 3FE8A6062B7BF67700936B97;
					};
				};
			};
			buildConfigurationList = 3FE8A6022B7BF67700936B97 /* Build configuration list for PBXProject "DatePicker" */;
			compatibilityVersion = "Xcode 14.0";
			developmentRegion = en;
			hasScannedForEncodings = 0;
			knownRegions = (
				en,
				Base,
			);
			mainGroup = 3FE8A5FE2B7BF67700936B97;
			productRefGroup = 3FE8A6082B7BF67700936B97 /* Products */;
			projectDirPath = "";
			projectRoot = "";
			targets = (
				3FE8A6062B7BF67700936B97 /* DatePicker */,
				3FE8A61C2B7BF67900936B97 /* DatePickerTests */,
				3FE8A6262B7BF67900936B97 /* DatePickerUITests */,
			);
		};
/* End PBXProject section */

/* Begin PBXResourcesBuildPhase section */
		3FE8A6052B7BF67700936B97 /* Resources */ = {
			isa = PBXResourcesBuildPhase;
			buildActionMask = 2147483647;
			files = (
				3FE8A6172B7BF67900936B97 /* LaunchScreen.storyboard in Resources */,
				3FE8A6142B7BF67900936B97 /* Assets.xcassets in Resources */,
				3FE8A6122B7BF67700936B97 /* Main.storyboard in Resources */,
			);
			runOnlyForDeploymentPostprocessing = 0;
		};
		3FE8A61B2B7BF67900936B97 /* Resources */ = {
			isa = PBXResourcesBuildPhase;
			buildActionMask = 2147483647;
			files = (
			);
			runOnlyForDeploymentPostprocessing = 0;
		};
		3FE8A6252B7BF67900936B97 /* Resources */ = {
			isa = PBXResourcesBuildPhase;
			buildActionMask = 2147483647;
			files = (
			);
			runOnlyForDeploymentPostprocessing = 0;
		};
/* End PBXResourcesBuildPhase section */

/* Begin PBXSourcesBuildPhase section */
		3FE8A6032B7BF67700936B97 /* Sources */ = {
			isa = PBXSourcesBuildPhase;
			buildActionMask = 2147483647;
			files = (
				3FE8A60F2B7BF67700936B97 /* ViewController.swift in Sources */,
				3FE8A60B2B7BF67700936B97 /* AppDelegate.swift in Sources */,
				3FE8A60D2B7BF67700936B97 /* SceneDelegate.swift in Sources */,
			);
			runOnlyForDeploymentPostprocessing = 0;
		};
		3FE8A6192B7BF67900936B97 /* Sources */ = {
			isa = PBXSourcesBuildPhase;
			buildActionMask = 2147483647;
			files = (
				3FE8A6222B7BF67900936B97 /* DatePickerTests.swift in Sources */,
			);
			runOnlyForDeploymentPostprocessing = 0;
		};
		3FE8A6232B7BF67900936B97 /* Sources */ = {
			isa = PBXSourcesBuildPhase;
			buildActionMask = 2147483647;
			files = (
				3FE8A62E2B7BF67900936B97 /* DatePickerUITestsLaunchTests.swift in Sources */,
				3FE8A62C2B7BF67900936B97 /* DatePickerUITests.swift in Sources */,
			);
			runOnlyForDeploymentPostprocessing = 0;
		};
/* End PBXSourcesBuildPhase section */

/* Begin PBXTargetDependency section */
		3FE8A61F2B7BF67900936B97 /* PBXTargetDependency */ = {
			isa = PBXTargetDependency;
			target = 3FE8A6062B7BF67700936B97 /* DatePicker */;
			targetProxy = 3FE8A61E2B7BF67900936B97 /* PBXContainerItemProxy */;
		};
		3FE8A6292B7BF67900936B97 /* PBXTargetDependency */ = {
			isa = PBXTargetDependency;
			target = 3FE8A6062B7BF67700936B97 /* DatePicker */;
			targetProxy = 3FE8A6282B7BF67900936B97 /* PBXContainerItemProxy */;
		};
/* End PBXTargetDependency section */

/* Begin PBXVariantGroup section */
		3FE8A6102B7BF67700936B97 /* Main.storyboard */ = {
			isa = PBXVariantGroup;
			children = (
				3FE8A6112B7BF67700936B97 /* Base */,
			);
			name = Main.storyboard;
			sourceTree = "<group>";
		};
		3FE8A6152B7BF67900936B97 /* LaunchScreen.storyboard */ = {
			isa = PBXVariantGroup;
			children = (
				3FE8A6162B7BF67900936B97 /* Base */,
			);
			name = LaunchScreen.storyboard;
			sourceTree = "<group>";
		};
/* End PBXVariantGroup section */

/* Begin XCBuildConfiguration section */
		3FE8A62F2B7BF67900936B97 /* Debug */ = {
			isa = XCBuildConfiguration;
			buildSettings = {
				ALWAYS_SEARCH_USER_PATHS = NO;
				CLANG_ANALYZER_NONNULL = YES;
				CLANG_ANALYZER_NUMBER_OBJECT_CONVERSION = YES_AGGRESSIVE;
				CLANG_CXX_LANGUAGE_STANDARD = "gnu++20";
				CLANG_ENABLE_MODULES = YES;
				CLANG_ENABLE_OBJC_ARC = YES;
				CLANG_ENABLE_OBJC_WEAK = YES;
				CLANG_WARN_BLOCK_CAPTURE_AUTORELEASING = YES;
				CLANG_WARN_BOOL_CONVERSION = YES;
				CLANG_WARN_COMMA = YES;
				CLANG_WARN_CONSTANT_CONVERSION = YES;
				CLANG_WARN_DEPRECATED_OBJC_IMPLEMENTATIONS = YES;
				CLANG_WARN_DIRECT_OBJC_ISA_USAGE = YES_ERROR;
				CLANG_WARN_DOCUMENTATION_COMMENTS = YES;
				CLANG_WARN_EMPTY_BODY = YES;
				CLANG_WARN_ENUM_CONVERSION = YES;
				CLANG_WARN_INFINITE_RECURSION = YES;
				CLANG_WARN_INT_CONVERSION = YES;
				CLANG_WARN_NON_LITERAL_NULL_CONVERSION = YES;
				CLANG_WARN_OBJC_IMPLICIT_RETAIN_SELF = YES;
				CLANG_WARN_OBJC_LITERAL_CONVERSION = YES;
				CLANG_WARN_OBJC_ROOT_CLASS = YES_ERROR;
				CLANG_WARN_QUOTED_INCLUDE_IN_FRAMEWORK_HEADER = YES;
				CLANG_WARN_RANGE_LOOP_ANALYSIS = YES;
				CLANG_WARN_STRICT_PROTOTYPES = YES;
				CLANG_WARN_SUSPICIOUS_MOVE = YES;
				CLANG_WARN_UNGUARDED_AVAILABILITY = YES_AGGRESSIVE;
				CLANG_WARN_UNREACHABLE_CODE = YES;
				CLANG_WARN__DUPLICATE_METHOD_MATCH = YES;
				COPY_PHASE_STRIP = NO;
				DEBUG_INFORMATION_FORMAT = dwarf;
				ENABLE_STRICT_OBJC_MSGSEND = YES;
				ENABLE_TESTABILITY = YES;
				GCC_C_LANGUAGE_STANDARD = gnu11;
				GCC_DYNAMIC_NO_PIC = NO;
				GCC_NO_COMMON_BLOCKS = YES;
				GCC_OPTIMIZATION_LEVEL = 0;
				GCC_PREPROCESSOR_DEFINITIONS = (
					"DEBUG=1",
					"$(inherited)",
				);
				GCC_WARN_64_TO_32_BIT_CONVERSION = YES;
				GCC_WARN_ABOUT_RETURN_TYPE = YES_ERROR;
				GCC_WARN_UNDECLARED_SELECTOR = YES;
				GCC_WARN_UNINITIALIZED_AUTOS = YES_AGGRESSIVE;
				GCC_WARN_UNUSED_FUNCTION = YES;
				GCC_WARN_UNUSED_VARIABLE = YES;
				IPHONEOS_DEPLOYMENT_TARGET = 16.2;
				MTL_ENABLE_DEBUG_INFO = INCLUDE_SOURCE;
				MTL_FAST_MATH = YES;
				ONLY_ACTIVE_ARCH = YES;
				SDKROOT = iphoneos;
				SWIFT_ACTIVE_COMPILATION_CONDITIONS = DEBUG;
				SWIFT_OPTIMIZATION_LEVEL = "-Onone";
			};
			name = Debug;
		};
		3FE8A6302B7BF67900936B97 /* Release */ = {
			isa = XCBuildConfiguration;
			buildSettings = {
				ALWAYS_SEARCH_USER_PATHS = NO;
				CLANG_ANALYZER_NONNULL = YES;
				CLANG_ANALYZER_NUMBER_OBJECT_CONVERSION = YES_AGGRESSIVE;
				CLANG_CXX_LANGUAGE_STANDARD = "gnu++20";
				CLANG_ENABLE_MODULES = YES;
				CLANG_ENABLE_OBJC_ARC = YES;
				CLANG_ENABLE_OBJC_WEAK = YES;
				CLANG_WARN_BLOCK_CAPTURE_AUTORELEASING = YES;
				CLANG_WARN_BOOL_CONVERSION = YES;
				CLANG_WARN_COMMA = YES;
				CLANG_WARN_CONSTANT_CONVERSION = YES;
				CLANG_WARN_DEPRECATED_OBJC_IMPLEMENTATIONS = YES;
				CLANG_WARN_DIRECT_OBJC_ISA_USAGE = YES_ERROR;
				CLANG_WARN_DOCUMENTATION_COMMENTS = YES;
				CLANG_WARN_EMPTY_BODY = YES;
				CLANG_WARN_ENUM_CONVERSION = YES;
				CLANG_WARN_INFINITE_RECURSION = YES;
				CLANG_WARN_INT_CONVERSION = YES;
				CLANG_WARN_NON_LITERAL_NULL_CONVERSION = YES;
				CLANG_WARN_OBJC_IMPLICIT_RETAIN_SELF = YES;
				CLANG_WARN_OBJC_LITERAL_CONVERSION = YES;
				CLANG_WARN_OBJC_ROOT_CLASS = YES_ERROR;
				CLANG_WARN_QUOTED_INCLUDE_IN_FRAMEWORK_HEADER = YES;
				CLANG_WARN_RANGE_LOOP_ANALYSIS = YES;
				CLANG_WARN_STRICT_PROTOTYPES = YES;
				CLANG_WARN_SUSPICIOUS_MOVE = YES;
				CLANG_WARN_UNGUARDED_AVAILABILITY = YES_AGGRESSIVE;
				CLANG_WARN_UNREACHABLE_CODE = YES;
				CLANG_WARN__DUPLICATE_METHOD_MATCH = YES;
				COPY_PHASE_STRIP = NO;
				DEBUG_INFORMATION_FORMAT = "dwarf-with-dsym";
				ENABLE_NS_ASSERTIONS = NO;
				ENABLE_STRICT_OBJC_MSGSEND = YES;
				GCC_C_LANGUAGE_STANDARD = gnu11;
				GCC_NO_COMMON_BLOCKS = YES;
				GCC_WARN_64_TO_32_BIT_CONVERSION = YES;
				GCC_WARN_ABOUT_RETURN_TYPE = YES_ERROR;
				GCC_WARN_UNDECLARED_SELECTOR = YES;
				GCC_WARN_UNINITIALIZED_AUTOS = YES_AGGRESSIVE;
				GCC_WARN_UNUSED_FUNCTION = YES;
				GCC_WARN_UNUSED_VARIABLE = YES;
				IPHONEOS_DEPLOYMENT_TARGET = 16.2;
				MTL_ENABLE_DEBUG_INFO = NO;
				MTL_FAST_MATH = YES;
				SDKROOT = iphoneos;
				SWIFT_COMPILATION_MODE = wholemodule;
				SWIFT_OPTIMIZATION_LEVEL = "-O";
				VALIDATE_PRODUCT = YES;
			};
			name = Release;
		};
		3FE8A6322B7BF67900936B97 /* Debug */ = {
			isa = XCBuildConfiguration;
			buildSettings = {
				ASSETCATALOG_COMPILER_APPICON_NAME = AppIcon;
				ASSETCATALOG_COMPILER_GLOBAL_ACCENT_COLOR_NAME = AccentColor;
				CODE_SIGN_STYLE = Automatic;
				CURRENT_PROJECT_VERSION = 1;
				GENERATE_INFOPLIST_FILE = YES;
				INFOPLIST_FILE = DatePicker/Info.plist;
				INFOPLIST_KEY_UIApplicationSupportsIndirectInputEvents = YES;
				INFOPLIST_KEY_UILaunchStoryboardName = LaunchScreen;
				INFOPLIST_KEY_UIMainStoryboardFile = Main;
				INFOPLIST_KEY_UISupportedInterfaceOrientations_iPad = "UIInterfaceOrientationPortrait UIInterfaceOrientationPortraitUpsideDown UIInterfaceOrientationLandscapeLeft UIInterfaceOrientationLandscapeRight";
				INFOPLIST_KEY_UISupportedInterfaceOrientations_iPhone = "UIInterfaceOrientationPortrait UIInterfaceOrientationLandscapeLeft UIInterfaceOrientationLandscapeRight";
				LD_RUNPATH_SEARCH_PATHS = (
					"$(inherited)",
					"@executable_path/Frameworks",
				);
				MARKETING_VERSION = 1.0;
				PRODUCT_BUNDLE_IDENTIFIER = jacob.DatePicker;
				PRODUCT_NAME = "$(TARGET_NAME)";
				SWIFT_EMIT_LOC_STRINGS = YES;
				SWIFT_VERSION = 5.0;
				TARGETED_DEVICE_FAMILY = "1,2";
			};
			name = Debug;
		};
		3FE8A6332B7BF67900936B97 /* Release */ = {
			isa = XCBuildConfiguration;
			buildSettings = {
				ASSETCATALOG_COMPILER_APPICON_NAME = AppIcon;
				ASSETCATALOG_COMPILER_GLOBAL_ACCENT_COLOR_NAME = AccentColor;
				CODE_SIGN_STYLE = Automatic;
				CURRENT_PROJECT_VERSION = 1;
				GENERATE_INFOPLIST_FILE = YES;
				INFOPLIST_FILE = DatePicker/Info.plist;
				INFOPLIST_KEY_UIApplicationSupportsIndirectInputEvents = YES;
				INFOPLIST_KEY_UILaunchStoryboardName = LaunchScreen;
				INFOPLIST_KEY_UIMainStoryboardFile = Main;
				INFOPLIST_KEY_UISupportedInterfaceOrientations_iPad = "UIInterfaceOrientationPortrait UIInterfaceOrientationPortraitUpsideDown UIInterfaceOrientationLandscapeLeft UIInterfaceOrientationLandscapeRight";
				INFOPLIST_KEY_UISupportedInterfaceOrientations_iPhone = "UIInterfaceOrientationPortrait UIInterfaceOrientationLandscapeLeft UIInterfaceOrientationLandscapeRight";
				LD_RUNPATH_SEARCH_PATHS = (
					"$(inherited)",
					"@executable_path/Frameworks",
				);
				MARKETING_VERSION = 1.0;
				PRODUCT_BUNDLE_IDENTIFIER = jacob.DatePicker;
				PRODUCT_NAME = "$(TARGET_NAME)";
				SWIFT_EMIT_LOC_STRINGS = YES;
				SWIFT_VERSION = 5.0;
				TARGETED_DEVICE_FAMILY = "1,2";
			};
			name = Release;
		};
		3FE8A6352B7BF67900936B97 /* Debug */ = {
			isa = XCBuildConfiguration;
			buildSettings = {
				ALWAYS_EMBED_SWIFT_STANDARD_LIBRARIES = YES;
				BUNDLE_LOADER = "$(TEST_HOST)";
				CODE_SIGN_STYLE = Automatic;
				CURRENT_PROJECT_VERSION = 1;
				GENERATE_INFOPLIST_FILE = YES;
				IPHONEOS_DEPLOYMENT_TARGET = 16.2;
				MARKETING_VERSION = 1.0;
				PRODUCT_BUNDLE_IDENTIFIER = jacob.DatePickerTests;
				PRODUCT_NAME = "$(TARGET_NAME)";
				SWIFT_EMIT_LOC_STRINGS = NO;
				SWIFT_VERSION = 5.0;
				TARGETED_DEVICE_FAMILY = "1,2";
				TEST_HOST = "$(BUILT_PRODUCTS_DIR)/DatePicker.app/$(BUNDLE_EXECUTABLE_FOLDER_PATH)/DatePicker";
			};
			name = Debug;
		};
		3FE8A6362B7BF67900936B97 /* Release */ = {
			isa = XCBuildConfiguration;
			buildSettings = {
				ALWAYS_EMBED_SWIFT_STANDARD_LIBRARIES = YES;
				BUNDLE_LOADER = "$(TEST_HOST)";
				CODE_SIGN_STYLE = Automatic;
				CURRENT_PROJECT_VERSION = 1;
				GENERATE_INFOPLIST_FILE = YES;
				IPHONEOS_DEPLOYMENT_TARGET = 16.2;
				MARKETING_VERSION = 1.0;
				PRODUCT_BUNDLE_IDENTIFIER = jacob.DatePickerTests;
				PRODUCT_NAME = "$(TARGET_NAME)";
				SWIFT_EMIT_LOC_STRINGS = NO;
				SWIFT_VERSION = 5.0;
				TARGETED_DEVICE_FAMILY = "1,2";
				TEST_HOST = "$(BUILT_PRODUCTS_DIR)/DatePicker.app/$(BUNDLE_EXECUTABLE_FOLDER_PATH)/DatePicker";
			};
			name = Release;
		};
		3FE8A6382B7BF67900936B97 /* Debug */ = {
			isa = XCBuildConfiguration;
			buildSettings = {
				ALWAYS_EMBED_SWIFT_STANDARD_LIBRARIES = YES;
				CODE_SIGN_STYLE = Automatic;
				CURRENT_PROJECT_VERSION = 1;
				GENERATE_INFOPLIST_FILE = YES;
				MARKETING_VERSION = 1.0;
				PRODUCT_BUNDLE_IDENTIFIER = jacob.DatePickerUITests;
				PRODUCT_NAME = "$(TARGET_NAME)";
				SWIFT_EMIT_LOC_STRINGS = NO;
				SWIFT_VERSION = 5.0;
				TARGETED_DEVICE_FAMILY = "1,2";
				TEST_TARGET_NAME = DatePicker;
			};
			name = Debug;
		};
		3FE8A6392B7BF67900936B97 /* Release */ = {
			isa = XCBuildConfiguration;
			buildSettings = {
				ALWAYS_EMBED_SWIFT_STANDARD_LIBRARIES = YES;
				CODE_SIGN_STYLE = Automatic;
				CURRENT_PROJECT_VERSION = 1;
				GENERATE_INFOPLIST_FILE = YES;
				MARKETING_VERSION = 1.0;
				PRODUCT_BUNDLE_IDENTIFIER = jacob.DatePickerUITests;
				PRODUCT_NAME = "$(TARGET_NAME)";
				SWIFT_EMIT_LOC_STRINGS = NO;
				SWIFT_VERSION = 5.0;
				TARGETED_DEVICE_FAMILY = "1,2";
				TEST_TARGET_NAME = DatePicker;
			};
			name = Release;
		};
/* End XCBuildConfiguration section */

/* Begin XCConfigurationList section */
		3FE8A6022B7BF67700936B97 /* Build configuration list for PBXProject "DatePicker" */ = {
			isa = XCConfigurationList;
			buildConfigurations = (
				3FE8A62F2B7BF67900936B97 /* Debug */,
				3FE8A6302B7BF67900936B97 /* Release */,
			);
			defaultConfigurationIsVisible = 0;
			defaultConfigurationName = Release;
		};
		3FE8A6312B7BF67900936B97 /* Build configuration list for PBXNativeTarget "DatePicker" */ = {
			isa = XCConfigurationList;
			buildConfigurations = (
				3FE8A6322B7BF67900936B97 /* Debug */,
				3FE8A6332B7BF67900936B97 /* Release */,
			);
			defaultConfigurationIsVisible = 0;
			defaultConfigurationName = Release;
		};
		3FE8A6342B7BF67900936B97 /* Build configuration list for PBXNativeTarget "DatePickerTests" */ = {
			isa = XCConfigurationList;
			buildConfigurations = (
				3FE8A6352B7BF67900936B97 /* Debug */,
				3FE8A6362B7BF67900936B97 /* Release */,
			);
			defaultConfigurationIsVisible = 0;
			defaultConfigurationName = Release;
		};
		3FE8A6372B7BF67900936B97 /* Build configuration list for PBXNativeTarget "DatePickerUITests" */ = {
			isa = XCConfigurationList;
			buildConfigurations = (
				3FE8A6382B7BF67900936B97 /* Debug */,
				3FE8A6392B7BF67900936B97 /* Release */,
			);
			defaultConfigurationIsVisible = 0;
			defaultConfigurationName = Release;
		};
/* End XCConfigurationList section */
	};
	rootObject = 3FE8A5FF2B7BF67700936B97 /* Project object */;
}
