// !$*UTF8*$!
{
	archiveVersion = 1;
	classes = {
	};
	objectVersion = 56;
	objects = {

/* Begin PBXBuildFile section */
		16567A372B782782009108F8 /* AppDelegate.swift in Sources */ = {isa = PBXBuildFile; fileRef = 16567A362B782782009108F8 /* AppDelegate.swift */; };
		16567A392B782782009108F8 /* SceneDelegate.swift in Sources */ = {isa = PBXBuildFile; fileRef = 16567A382B782782009108F8 /* SceneDelegate.swift */; };
		16567A3B2B782782009108F8 /* ViewController.swift in Sources */ = {isa = PBXBuildFile; fileRef = 16567A3A2B782782009108F8 /* ViewController.swift */; };
		16567A3E2B782782009108F8 /* Main.storyboard in Resources */ = {isa = PBXBuildFile; fileRef = 16567A3C2B782782009108F8 /* Main.storyboard */; };
		16567A402B782784009108F8 /* Assets.xcassets in Resources */ = {isa = PBXBuildFile; fileRef = 16567A3F2B782784009108F8 /* Assets.xcassets */; };
		16567A432B782784009108F8 /* LaunchScreen.storyboard in Resources */ = {isa = PBXBuildFile; fileRef = 16567A412B782784009108F8 /* LaunchScreen.storyboard */; };
		16567A4E2B782784009108F8 /* StoryFillTests.swift in Sources */ = {isa = PBXBuildFile; fileRef = 16567A4D2B782784009108F8 /* StoryFillTests.swift */; };
		16567A582B782784009108F8 /* StoryFillUITests.swift in Sources */ = {isa = PBXBuildFile; fileRef = 16567A572B782784009108F8 /* StoryFillUITests.swift */; };
		16567A5A2B782784009108F8 /* StoryFillUITestsLaunchTests.swift in Sources */ = {isa = PBXBuildFile; fileRef = 16567A592B782784009108F8 /* StoryFillUITestsLaunchTests.swift */; };
/* End PBXBuildFile section */

/* Begin PBXContainerItemProxy section */
		16567A4A2B782784009108F8 /* PBXContainerItemProxy */ = {
			isa = PBXContainerItemProxy;
			containerPortal = 16567A2B2B782782009108F8 /* Project object */;
			proxyType = 1;
			remoteGlobalIDString = 16567A322B782782009108F8;
			remoteInfo = StoryFill;
		};
		16567A542B782784009108F8 /* PBXContainerItemProxy */ = {
			isa = PBXContainerItemProxy;
			containerPortal = 16567A2B2B782782009108F8 /* Project object */;
			proxyType = 1;
			remoteGlobalIDString = 16567A322B782782009108F8;
			remoteInfo = StoryFill;
		};
/* End PBXContainerItemProxy section */

/* Begin PBXFileReference section */
		16567A332B782782009108F8 /* StoryFill.app */ = {isa = PBXFileReference; explicitFileType = wrapper.application; includeInIndex = 0; path = StoryFill.app; sourceTree = BUILT_PRODUCTS_DIR; };
		16567A362B782782009108F8 /* AppDelegate.swift */ = {isa = PBXFileReference; lastKnownFileType = sourcecode.swift; path = AppDelegate.swift; sourceTree = "<group>"; };
		16567A382B782782009108F8 /* SceneDelegate.swift */ = {isa = PBXFileReference; lastKnownFileType = sourcecode.swift; path = SceneDelegate.swift; sourceTree = "<group>"; };
		16567A3A2B782782009108F8 /* ViewController.swift */ = {isa = PBXFileReference; lastKnownFileType = sourcecode.swift; path = ViewController.swift; sourceTree = "<group>"; };
		16567A3D2B782782009108F8 /* Base */ = {isa = PBXFileReference; lastKnownFileType = file.storyboard; name = Base; path = Base.lproj/Main.storyboard; sourceTree = "<group>"; };
		16567A3F2B782784009108F8 /* Assets.xcassets */ = {isa = PBXFileReference; lastKnownFileType = folder.assetcatalog; path = Assets.xcassets; sourceTree = "<group>"; };
		16567A422B782784009108F8 /* Base */ = {isa = PBXFileReference; lastKnownFileType = file.storyboard; name = Base; path = Base.lproj/LaunchScreen.storyboard; sourceTree = "<group>"; };
		16567A442B782784009108F8 /* Info.plist */ = {isa = PBXFileReference; lastKnownFileType = text.plist.xml; path = Info.plist; sourceTree = "<group>"; };
		16567A492B782784009108F8 /* StoryFillTests.xctest */ = {isa = PBXFileReference; explicitFileType = wrapper.cfbundle; includeInIndex = 0; path = StoryFillTests.xctest; sourceTree = BUILT_PRODUCTS_DIR; };
		16567A4D2B782784009108F8 /* StoryFillTests.swift */ = {isa = PBXFileReference; lastKnownFileType = sourcecode.swift; path = StoryFillTests.swift; sourceTree = "<group>"; };
		16567A532B782784009108F8 /* StoryFillUITests.xctest */ = {isa = PBXFileReference; explicitFileType = wrapper.cfbundle; includeInIndex = 0; path = StoryFillUITests.xctest; sourceTree = BUILT_PRODUCTS_DIR; };
		16567A572B782784009108F8 /* StoryFillUITests.swift */ = {isa = PBXFileReference; lastKnownFileType = sourcecode.swift; path = StoryFillUITests.swift; sourceTree = "<group>"; };
		16567A592B782784009108F8 /* StoryFillUITestsLaunchTests.swift */ = {isa = PBXFileReference; lastKnownFileType = sourcecode.swift; path = StoryFillUITestsLaunchTests.swift; sourceTree = "<group>"; };
/* End PBXFileReference section */

/* Begin PBXFrameworksBuildPhase section */
		16567A302B782782009108F8 /* Frameworks */ = {
			isa = PBXFrameworksBuildPhase;
			buildActionMask = 2147483647;
			files = (
			);
			runOnlyForDeploymentPostprocessing = 0;
		};
		16567A462B782784009108F8 /* Frameworks */ = {
			isa = PBXFrameworksBuildPhase;
			buildActionMask = 2147483647;
			files = (
			);
			runOnlyForDeploymentPostprocessing = 0;
		};
		16567A502B782784009108F8 /* Frameworks */ = {
			isa = PBXFrameworksBuildPhase;
			buildActionMask = 2147483647;
			files = (
			);
			runOnlyForDeploymentPostprocessing = 0;
		};
/* End PBXFrameworksBuildPhase section */

/* Begin PBXGroup section */
		16567A2A2B782782009108F8 = {
			isa = PBXGroup;
			children = (
				16567A352B782782009108F8 /* StoryFill */,
				16567A4C2B782784009108F8 /* StoryFillTests */,
				16567A562B782784009108F8 /* StoryFillUITests */,
				16567A342B782782009108F8 /* Products */,
			);
			sourceTree = "<group>";
		};
		16567A342B782782009108F8 /* Products */ = {
			isa = PBXGroup;
			children = (
				16567A332B782782009108F8 /* StoryFill.app */,
				16567A492B782784009108F8 /* StoryFillTests.xctest */,
				16567A532B782784009108F8 /* StoryFillUITests.xctest */,
			);
			name = Products;
			sourceTree = "<group>";
		};
		16567A352B782782009108F8 /* StoryFill */ = {
			isa = PBXGroup;
			children = (
				16567A362B782782009108F8 /* AppDelegate.swift */,
				16567A382B782782009108F8 /* SceneDelegate.swift */,
				16567A3A2B782782009108F8 /* ViewController.swift */,
				16567A3C2B782782009108F8 /* Main.storyboard */,
				16567A3F2B782784009108F8 /* Assets.xcassets */,
				16567A412B782784009108F8 /* LaunchScreen.storyboard */,
				16567A442B782784009108F8 /* Info.plist */,
			);
			path = StoryFill;
			sourceTree = "<group>";
		};
		16567A4C2B782784009108F8 /* StoryFillTests */ = {
			isa = PBXGroup;
			children = (
				16567A4D2B782784009108F8 /* StoryFillTests.swift */,
			);
			path = StoryFillTests;
			sourceTree = "<group>";
		};
		16567A562B782784009108F8 /* StoryFillUITests */ = {
			isa = PBXGroup;
			children = (
				16567A572B782784009108F8 /* StoryFillUITests.swift */,
				16567A592B782784009108F8 /* StoryFillUITestsLaunchTests.swift */,
			);
			path = StoryFillUITests;
			sourceTree = "<group>";
		};
/* End PBXGroup section */

/* Begin PBXNativeTarget section */
		16567A322B782782009108F8 /* StoryFill */ = {
			isa = PBXNativeTarget;
			buildConfigurationList = 16567A5D2B782784009108F8 /* Build configuration list for PBXNativeTarget "StoryFill" */;
			buildPhases = (
				16567A2F2B782782009108F8 /* Sources */,
				16567A302B782782009108F8 /* Frameworks */,
				16567A312B782782009108F8 /* Resources */,
			);
			buildRules = (
			);
			dependencies = (
			);
			name = StoryFill;
			productName = StoryFill;
			productReference = 16567A332B782782009108F8 /* StoryFill.app */;
			productType = "com.apple.product-type.application";
		};
		16567A482B782784009108F8 /* StoryFillTests */ = {
			isa = PBXNativeTarget;
			buildConfigurationList = 16567A602B782784009108F8 /* Build configuration list for PBXNativeTarget "StoryFillTests" */;
			buildPhases = (
				16567A452B782784009108F8 /* Sources */,
				16567A462B782784009108F8 /* Frameworks */,
				16567A472B782784009108F8 /* Resources */,
			);
			buildRules = (
			);
			dependencies = (
				16567A4B2B782784009108F8 /* PBXTargetDependency */,
			);
			name = StoryFillTests;
			productName = StoryFillTests;
			productReference = 16567A492B782784009108F8 /* StoryFillTests.xctest */;
			productType = "com.apple.product-type.bundle.unit-test";
		};
		16567A522B782784009108F8 /* StoryFillUITests */ = {
			isa = PBXNativeTarget;
			buildConfigurationList = 16567A632B782784009108F8 /* Build configuration list for PBXNativeTarget "StoryFillUITests" */;
			buildPhases = (
				16567A4F2B782784009108F8 /* Sources */,
				16567A502B782784009108F8 /* Frameworks */,
				16567A512B782784009108F8 /* Resources */,
			);
			buildRules = (
			);
			dependencies = (
				16567A552B782784009108F8 /* PBXTargetDependency */,
			);
			name = StoryFillUITests;
			productName = StoryFillUITests;
			productReference = 16567A532B782784009108F8 /* StoryFillUITests.xctest */;
			productType = "com.apple.product-type.bundle.ui-testing";
		};
/* End PBXNativeTarget section */

/* Begin PBXProject section */
		16567A2B2B782782009108F8 /* Project object */ = {
			isa = PBXProject;
			attributes = {
				BuildIndependentTargetsInParallel = 1;
				LastSwiftUpdateCheck = 1520;
				LastUpgradeCheck = 1520;
				TargetAttributes = {
					16567A322B782782009108F8 = {
						CreatedOnToolsVersion = 15.2;
					};
					16567A482B782784009108F8 = {
						CreatedOnToolsVersion = 15.2;
						TestTargetID = 16567A322B782782009108F8;
					};
					16567A522B782784009108F8 = {
						CreatedOnToolsVersion = 15.2;
						TestTargetID = 16567A322B782782009108F8;
					};
				};
			};
			buildConfigurationList = 16567A2E2B782782009108F8 /* Build configuration list for PBXProject "StoryFill" */;
			compatibilityVersion = "Xcode 14.0";
			developmentRegion = en;
			hasScannedForEncodings = 0;
			knownRegions = (
				en,
				Base,
			);
			mainGroup = 16567A2A2B782782009108F8;
			productRefGroup = 16567A342B782782009108F8 /* Products */;
			projectDirPath = "";
			projectRoot = "";
			targets = (
				16567A322B782782009108F8 /* StoryFill */,
				16567A482B782784009108F8 /* StoryFillTests */,
				16567A522B782784009108F8 /* StoryFillUITests */,
			);
		};
/* End PBXProject section */

/* Begin PBXResourcesBuildPhase section */
		16567A312B782782009108F8 /* Resources */ = {
			isa = PBXResourcesBuildPhase;
			buildActionMask = 2147483647;
			files = (
				16567A432B782784009108F8 /* LaunchScreen.storyboard in Resources */,
				16567A402B782784009108F8 /* Assets.xcassets in Resources */,
				16567A3E2B782782009108F8 /* Main.storyboard in Resources */,
			);
			runOnlyForDeploymentPostprocessing = 0;
		};
		16567A472B782784009108F8 /* Resources */ = {
			isa = PBXResourcesBuildPhase;
			buildActionMask = 2147483647;
			files = (
			);
			runOnlyForDeploymentPostprocessing = 0;
		};
		16567A512B782784009108F8 /* Resources */ = {
			isa = PBXResourcesBuildPhase;
			buildActionMask = 2147483647;
			files = (
			);
			runOnlyForDeploymentPostprocessing = 0;
		};
/* End PBXResourcesBuildPhase section */

/* Begin PBXSourcesBuildPhase section */
		16567A2F2B782782009108F8 /* Sources */ = {
			isa = PBXSourcesBuildPhase;
			buildActionMask = 2147483647;
			files = (
				16567A3B2B782782009108F8 /* ViewController.swift in Sources */,
				16567A372B782782009108F8 /* AppDelegate.swift in Sources */,
				16567A392B782782009108F8 /* SceneDelegate.swift in Sources */,
			);
			runOnlyForDeploymentPostprocessing = 0;
		};
		16567A452B782784009108F8 /* Sources */ = {
			isa = PBXSourcesBuildPhase;
			buildActionMask = 2147483647;
			files = (
				16567A4E2B782784009108F8 /* StoryFillTests.swift in Sources */,
			);
			runOnlyForDeploymentPostprocessing = 0;
		};
		16567A4F2B782784009108F8 /* Sources */ = {
			isa = PBXSourcesBuildPhase;
			buildActionMask = 2147483647;
			files = (
				16567A582B782784009108F8 /* StoryFillUITests.swift in Sources */,
				16567A5A2B782784009108F8 /* StoryFillUITestsLaunchTests.swift in Sources */,
			);
			runOnlyForDeploymentPostprocessing = 0;
		};
/* End PBXSourcesBuildPhase section */

/* Begin PBXTargetDependency section */
		16567A4B2B782784009108F8 /* PBXTargetDependency */ = {
			isa = PBXTargetDependency;
			target = 16567A322B782782009108F8 /* StoryFill */;
			targetProxy = 16567A4A2B782784009108F8 /* PBXContainerItemProxy */;
		};
		16567A552B782784009108F8 /* PBXTargetDependency */ = {
			isa = PBXTargetDependency;
			target = 16567A322B782782009108F8 /* StoryFill */;
			targetProxy = 16567A542B782784009108F8 /* PBXContainerItemProxy */;
		};
/* End PBXTargetDependency section */

/* Begin PBXVariantGroup section */
		16567A3C2B782782009108F8 /* Main.storyboard */ = {
			isa = PBXVariantGroup;
			children = (
				16567A3D2B782782009108F8 /* Base */,
			);
			name = Main.storyboard;
			sourceTree = "<group>";
		};
		16567A412B782784009108F8 /* LaunchScreen.storyboard */ = {
			isa = PBXVariantGroup;
			children = (
				16567A422B782784009108F8 /* Base */,
			);
			name = LaunchScreen.storyboard;
			sourceTree = "<group>";
		};
/* End PBXVariantGroup section */

/* Begin XCBuildConfiguration section */
		16567A5B2B782784009108F8 /* Debug */ = {
			isa = XCBuildConfiguration;
			buildSettings = {
				ALWAYS_SEARCH_USER_PATHS = NO;
				ASSETCATALOG_COMPILER_GENERATE_SWIFT_ASSET_SYMBOL_EXTENSIONS = YES;
				CLANG_ANALYZER_NONNULL = YES;
				CLANG_ANALYZER_NUMBER_OBJECT_CONVERSION = YES_AGGRESSIVE;
				CLANG_CXX_LANGUAGE_STANDARD = "gnu++20";
				CLANG_ENABLE_MODULES = YES;
				CLANG_ENABLE_OBJC_ARC = YES;
				CLANG_ENABLE_OBJC_WEAK = YES;
				CLANG_WARN_BLOCK_CAPTURE_AUTORELEASING = YES;
				CLANG_WARN_BOOL_CONVERSION = YES;
				CLANG_WARN_COMMA = YES;
				CLANG_WARN_CONSTANT_CONVERSION = YES;
				CLANG_WARN_DEPRECATED_OBJC_IMPLEMENTATIONS = YES;
				CLANG_WARN_DIRECT_OBJC_ISA_USAGE = YES_ERROR;
				CLANG_WARN_DOCUMENTATION_COMMENTS = YES;
				CLANG_WARN_EMPTY_BODY = YES;
				CLANG_WARN_ENUM_CONVERSION = YES;
				CLANG_WARN_INFINITE_RECURSION = YES;
				CLANG_WARN_INT_CONVERSION = YES;
				CLANG_WARN_NON_LITERAL_NULL_CONVERSION = YES;
				CLANG_WARN_OBJC_IMPLICIT_RETAIN_SELF = YES;
				CLANG_WARN_OBJC_LITERAL_CONVERSION = YES;
				CLANG_WARN_OBJC_ROOT_CLASS = YES_ERROR;
				CLANG_WARN_QUOTED_INCLUDE_IN_FRAMEWORK_HEADER = YES;
				CLANG_WARN_RANGE_LOOP_ANALYSIS = YES;
				CLANG_WARN_STRICT_PROTOTYPES = YES;
				CLANG_WARN_SUSPICIOUS_MOVE = YES;
				CLANG_WARN_UNGUARDED_AVAILABILITY = YES_AGGRESSIVE;
				CLANG_WARN_UNREACHABLE_CODE = YES;
				CLANG_WARN__DUPLICATE_METHOD_MATCH = YES;
				COPY_PHASE_STRIP = NO;
				DEBUG_INFORMATION_FORMAT = dwarf;
				ENABLE_STRICT_OBJC_MSGSEND = YES;
				ENABLE_TESTABILITY = YES;
				ENABLE_USER_SCRIPT_SANDBOXING = YES;
				GCC_C_LANGUAGE_STANDARD = gnu17;
				GCC_DYNAMIC_NO_PIC = NO;
				GCC_NO_COMMON_BLOCKS = YES;
				GCC_OPTIMIZATION_LEVEL = 0;
				GCC_PREPROCESSOR_DEFINITIONS = (
					"DEBUG=1",
					"$(inherited)",
				);
				GCC_WARN_64_TO_32_BIT_CONVERSION = YES;
				GCC_WARN_ABOUT_RETURN_TYPE = YES_ERROR;
				GCC_WARN_UNDECLARED_SELECTOR = YES;
				GCC_WARN_UNINITIALIZED_AUTOS = YES_AGGRESSIVE;
				GCC_WARN_UNUSED_FUNCTION = YES;
				GCC_WARN_UNUSED_VARIABLE = YES;
				IPHONEOS_DEPLOYMENT_TARGET = 17.2;
				LOCALIZATION_PREFERS_STRING_CATALOGS = YES;
				MTL_ENABLE_DEBUG_INFO = INCLUDE_SOURCE;
				MTL_FAST_MATH = YES;
				ONLY_ACTIVE_ARCH = YES;
				SDKROOT = iphoneos;
				SWIFT_ACTIVE_COMPILATION_CONDITIONS = "DEBUG $(inherited)";
				SWIFT_OPTIMIZATION_LEVEL = "-Onone";
			};
			name = Debug;
		};
		16567A5C2B782784009108F8 /* Release */ = {
			isa = XCBuildConfiguration;
			buildSettings = {
				ALWAYS_SEARCH_USER_PATHS = NO;
				ASSETCATALOG_COMPILER_GENERATE_SWIFT_ASSET_SYMBOL_EXTENSIONS = YES;
				CLANG_ANALYZER_NONNULL = YES;
				CLANG_ANALYZER_NUMBER_OBJECT_CONVERSION = YES_AGGRESSIVE;
				CLANG_CXX_LANGUAGE_STANDARD = "gnu++20";
				CLANG_ENABLE_MODULES = YES;
				CLANG_ENABLE_OBJC_ARC = YES;
				CLANG_ENABLE_OBJC_WEAK = YES;
				CLANG_WARN_BLOCK_CAPTURE_AUTORELEASING = YES;
				CLANG_WARN_BOOL_CONVERSION = YES;
				CLANG_WARN_COMMA = YES;
				CLANG_WARN_CONSTANT_CONVERSION = YES;
				CLANG_WARN_DEPRECATED_OBJC_IMPLEMENTATIONS = YES;
				CLANG_WARN_DIRECT_OBJC_ISA_USAGE = YES_ERROR;
				CLANG_WARN_DOCUMENTATION_COMMENTS = YES;
				CLANG_WARN_EMPTY_BODY = YES;
				CLANG_WARN_ENUM_CONVERSION = YES;
				CLANG_WARN_INFINITE_RECURSION = YES;
				CLANG_WARN_INT_CONVERSION = YES;
				CLANG_WARN_NON_LITERAL_NULL_CONVERSION = YES;
				CLANG_WARN_OBJC_IMPLICIT_RETAIN_SELF = YES;
				CLANG_WARN_OBJC_LITERAL_CONVERSION = YES;
				CLANG_WARN_OBJC_ROOT_CLASS = YES_ERROR;
				CLANG_WARN_QUOTED_INCLUDE_IN_FRAMEWORK_HEADER = YES;
				CLANG_WARN_RANGE_LOOP_ANALYSIS = YES;
				CLANG_WARN_STRICT_PROTOTYPES = YES;
				CLANG_WARN_SUSPICIOUS_MOVE = YES;
				CLANG_WARN_UNGUARDED_AVAILABILITY = YES_AGGRESSIVE;
				CLANG_WARN_UNREACHABLE_CODE = YES;
				CLANG_WARN__DUPLICATE_METHOD_MATCH = YES;
				COPY_PHASE_STRIP = NO;
				DEBUG_INFORMATION_FORMAT = "dwarf-with-dsym";
				ENABLE_NS_ASSERTIONS = NO;
				ENABLE_STRICT_OBJC_MSGSEND = YES;
				ENABLE_USER_SCRIPT_SANDBOXING = YES;
				GCC_C_LANGUAGE_STANDARD = gnu17;
				GCC_NO_COMMON_BLOCKS = YES;
				GCC_WARN_64_TO_32_BIT_CONVERSION = YES;
				GCC_WARN_ABOUT_RETURN_TYPE = YES_ERROR;
				GCC_WARN_UNDECLARED_SELECTOR = YES;
				GCC_WARN_UNINITIALIZED_AUTOS = YES_AGGRESSIVE;
				GCC_WARN_UNUSED_FUNCTION = YES;
				GCC_WARN_UNUSED_VARIABLE = YES;
				IPHONEOS_DEPLOYMENT_TARGET = 17.2;
				LOCALIZATION_PREFERS_STRING_CATALOGS = YES;
				MTL_ENABLE_DEBUG_INFO = NO;
				MTL_FAST_MATH = YES;
				SDKROOT = iphoneos;
				SWIFT_COMPILATION_MODE = wholemodule;
				VALIDATE_PRODUCT = YES;
			};
			name = Release;
		};
		16567A5E2B782784009108F8 /* Debug */ = {
			isa = XCBuildConfiguration;
			buildSettings = {
				ASSETCATALOG_COMPILER_APPICON_NAME = AppIcon;
				ASSETCATALOG_COMPILER_GLOBAL_ACCENT_COLOR_NAME = AccentColor;
				CODE_SIGN_STYLE = Automatic;
				CURRENT_PROJECT_VERSION = 1;
				GENERATE_INFOPLIST_FILE = YES;
				INFOPLIST_FILE = StoryFill/Info.plist;
				INFOPLIST_KEY_UIApplicationSupportsIndirectInputEvents = YES;
				INFOPLIST_KEY_UILaunchStoryboardName = LaunchScreen;
				INFOPLIST_KEY_UIMainStoryboardFile = Main;
				INFOPLIST_KEY_UISupportedInterfaceOrientations_iPad = "UIInterfaceOrientationPortrait UIInterfaceOrientationPortraitUpsideDown UIInterfaceOrientationLandscapeLeft UIInterfaceOrientationLandscapeRight";
				INFOPLIST_KEY_UISupportedInterfaceOrientations_iPhone = "UIInterfaceOrientationPortrait UIInterfaceOrientationLandscapeLeft UIInterfaceOrientationLandscapeRight";
				LD_RUNPATH_SEARCH_PATHS = (
					"$(inherited)",
					"@executable_path/Frameworks",
				);
				MARKETING_VERSION = 1.0;
				PRODUCT_BUNDLE_IDENTIFIER = jlabelle.StoryFill;
				PRODUCT_NAME = "$(TARGET_NAME)";
				SWIFT_EMIT_LOC_STRINGS = YES;
				SWIFT_VERSION = 5.0;
				TARGETED_DEVICE_FAMILY = "1,2";
			};
			name = Debug;
		};
		16567A5F2B782784009108F8 /* Release */ = {
			isa = XCBuildConfiguration;
			buildSettings = {
				ASSETCATALOG_COMPILER_APPICON_NAME = AppIcon;
				ASSETCATALOG_COMPILER_GLOBAL_ACCENT_COLOR_NAME = AccentColor;
				CODE_SIGN_STYLE = Automatic;
				CURRENT_PROJECT_VERSION = 1;
				GENERATE_INFOPLIST_FILE = YES;
				INFOPLIST_FILE = StoryFill/Info.plist;
				INFOPLIST_KEY_UIApplicationSupportsIndirectInputEvents = YES;
				INFOPLIST_KEY_UILaunchStoryboardName = LaunchScreen;
				INFOPLIST_KEY_UIMainStoryboardFile = Main;
				INFOPLIST_KEY_UISupportedInterfaceOrientations_iPad = "UIInterfaceOrientationPortrait UIInterfaceOrientationPortraitUpsideDown UIInterfaceOrientationLandscapeLeft UIInterfaceOrientationLandscapeRight";
				INFOPLIST_KEY_UISupportedInterfaceOrientations_iPhone = "UIInterfaceOrientationPortrait UIInterfaceOrientationLandscapeLeft UIInterfaceOrientationLandscapeRight";
				LD_RUNPATH_SEARCH_PATHS = (
					"$(inherited)",
					"@executable_path/Frameworks",
				);
				MARKETING_VERSION = 1.0;
				PRODUCT_BUNDLE_IDENTIFIER = jlabelle.StoryFill;
				PRODUCT_NAME = "$(TARGET_NAME)";
				SWIFT_EMIT_LOC_STRINGS = YES;
				SWIFT_VERSION = 5.0;
				TARGETED_DEVICE_FAMILY = "1,2";
			};
			name = Release;
		};
		16567A612B782784009108F8 /* Debug */ = {
			isa = XCBuildConfiguration;
			buildSettings = {
				ALWAYS_EMBED_SWIFT_STANDARD_LIBRARIES = YES;
				BUNDLE_LOADER = "$(TEST_HOST)";
				CODE_SIGN_STYLE = Automatic;
				CURRENT_PROJECT_VERSION = 1;
				GENERATE_INFOPLIST_FILE = YES;
				IPHONEOS_DEPLOYMENT_TARGET = 17.2;
				MARKETING_VERSION = 1.0;
				PRODUCT_BUNDLE_IDENTIFIER = jlabelle.StoryFillTests;
				PRODUCT_NAME = "$(TARGET_NAME)";
				SWIFT_EMIT_LOC_STRINGS = NO;
				SWIFT_VERSION = 5.0;
				TARGETED_DEVICE_FAMILY = "1,2";
				TEST_HOST = "$(BUILT_PRODUCTS_DIR)/StoryFill.app/$(BUNDLE_EXECUTABLE_FOLDER_PATH)/StoryFill";
			};
			name = Debug;
		};
		16567A622B782784009108F8 /* Release */ = {
			isa = XCBuildConfiguration;
			buildSettings = {
				ALWAYS_EMBED_SWIFT_STANDARD_LIBRARIES = YES;
				BUNDLE_LOADER = "$(TEST_HOST)";
				CODE_SIGN_STYLE = Automatic;
				CURRENT_PROJECT_VERSION = 1;
				GENERATE_INFOPLIST_FILE = YES;
				IPHONEOS_DEPLOYMENT_TARGET = 17.2;
				MARKETING_VERSION = 1.0;
				PRODUCT_BUNDLE_IDENTIFIER = jlabelle.StoryFillTests;
				PRODUCT_NAME = "$(TARGET_NAME)";
				SWIFT_EMIT_LOC_STRINGS = NO;
				SWIFT_VERSION = 5.0;
				TARGETED_DEVICE_FAMILY = "1,2";
				TEST_HOST = "$(BUILT_PRODUCTS_DIR)/StoryFill.app/$(BUNDLE_EXECUTABLE_FOLDER_PATH)/StoryFill";
			};
			name = Release;
		};
		16567A642B782784009108F8 /* Debug */ = {
			isa = XCBuildConfiguration;
			buildSettings = {
				ALWAYS_EMBED_SWIFT_STANDARD_LIBRARIES = YES;
				CODE_SIGN_STYLE = Automatic;
				CURRENT_PROJECT_VERSION = 1;
				GENERATE_INFOPLIST_FILE = YES;
				MARKETING_VERSION = 1.0;
				PRODUCT_BUNDLE_IDENTIFIER = jlabelle.StoryFillUITests;
				PRODUCT_NAME = "$(TARGET_NAME)";
				SWIFT_EMIT_LOC_STRINGS = NO;
				SWIFT_VERSION = 5.0;
				TARGETED_DEVICE_FAMILY = "1,2";
				TEST_TARGET_NAME = StoryFill;
			};
			name = Debug;
		};
		16567A652B782784009108F8 /* Release */ = {
			isa = XCBuildConfiguration;
			buildSettings = {
				ALWAYS_EMBED_SWIFT_STANDARD_LIBRARIES = YES;
				CODE_SIGN_STYLE = Automatic;
				CURRENT_PROJECT_VERSION = 1;
				GENERATE_INFOPLIST_FILE = YES;
				MARKETING_VERSION = 1.0;
				PRODUCT_BUNDLE_IDENTIFIER = jlabelle.StoryFillUITests;
				PRODUCT_NAME = "$(TARGET_NAME)";
				SWIFT_EMIT_LOC_STRINGS = NO;
				SWIFT_VERSION = 5.0;
				TARGETED_DEVICE_FAMILY = "1,2";
				TEST_TARGET_NAME = StoryFill;
			};
			name = Release;
		};
/* End XCBuildConfiguration section */

/* Begin XCConfigurationList section */
		16567A2E2B782782009108F8 /* Build configuration list for PBXProject "StoryFill" */ = {
			isa = XCConfigurationList;
			buildConfigurations = (
				16567A5B2B782784009108F8 /* Debug */,
				16567A5C2B782784009108F8 /* Release */,
			);
			defaultConfigurationIsVisible = 0;
			defaultConfigurationName = Release;
		};
		16567A5D2B782784009108F8 /* Build configuration list for PBXNativeTarget "StoryFill" */ = {
			isa = XCConfigurationList;
			buildConfigurations = (
				16567A5E2B782784009108F8 /* Debug */,
				16567A5F2B782784009108F8 /* Release */,
			);
			defaultConfigurationIsVisible = 0;
			defaultConfigurationName = Release;
		};
		16567A602B782784009108F8 /* Build configuration list for PBXNativeTarget "StoryFillTests" */ = {
			isa = XCConfigurationList;
			buildConfigurations = (
				16567A612B782784009108F8 /* Debug */,
				16567A622B782784009108F8 /* Release */,
			);
			defaultConfigurationIsVisible = 0;
			defaultConfigurationName = Release;
		};
		16567A632B782784009108F8 /* Build configuration list for PBXNativeTarget "StoryFillUITests" */ = {
			isa = XCConfigurationList;
			buildConfigurations = (
				16567A642B782784009108F8 /* Debug */,
				16567A652B782784009108F8 /* Release */,
			);
			defaultConfigurationIsVisible = 0;
			defaultConfigurationName = Release;
		};
/* End XCConfigurationList section */
	};
	rootObject = 16567A2B2B782782009108F8 /* Project object */;
}
