// !$*UTF8*$!
{
	archiveVersion = 1;
	classes = {
	};
	objectVersion = 56;
	objects = {

/* Begin PBXBuildFile section */
		16BB81F72B94537000433846 /* AppDelegate.swift in Sources */ = {isa = PBXBuildFile; fileRef = 16BB81F62B94537000433846 /* AppDelegate.swift */; };
		16BB81F92B94537000433846 /* SceneDelegate.swift in Sources */ = {isa = PBXBuildFile; fileRef = 16BB81F82B94537000433846 /* SceneDelegate.swift */; };
		16BB81FB2B94537000433846 /* ViewController.swift in Sources */ = {isa = PBXBuildFile; fileRef = 16BB81FA2B94537000433846 /* ViewController.swift */; };
		16BB81FE2B94537100433846 /* Main.storyboard in Resources */ = {isa = PBXBuildFile; fileRef = 16BB81FC2B94537100433846 /* Main.storyboard */; };
		16BB82002B94537200433846 /* Assets.xcassets in Resources */ = {isa = PBXBuildFile; fileRef = 16BB81FF2B94537200433846 /* Assets.xcassets */; };
		16BB82032B94537200433846 /* LaunchScreen.storyboard in Resources */ = {isa = PBXBuildFile; fileRef = 16BB82012B94537200433846 /* LaunchScreen.storyboard */; };
		16BB820E2B94537200433846 /* CollegeDBTests.swift in Sources */ = {isa = PBXBuildFile; fileRef = 16BB820D2B94537200433846 /* CollegeDBTests.swift */; };
		16BB82182B94537200433846 /* CollegeDBUITests.swift in Sources */ = {isa = PBXBuildFile; fileRef = 16BB82172B94537200433846 /* CollegeDBUITests.swift */; };
		16BB821A2B94537200433846 /* CollegeDBUITestsLaunchTests.swift in Sources */ = {isa = PBXBuildFile; fileRef = 16BB82192B94537200433846 /* CollegeDBUITestsLaunchTests.swift */; };
		16BB82322B9455F100433846 /* FMDatabaseAdditions.m in Sources */ = {isa = PBXBuildFile; fileRef = 16BB82272B9455F100433846 /* FMDatabaseAdditions.m */; };
		16BB82332B9455F100433846 /* FMDatabasePool.m in Sources */ = {isa = PBXBuildFile; fileRef = 16BB82282B9455F100433846 /* FMDatabasePool.m */; };
		16BB82342B9455F100433846 /* FMDatabaseQueue.m in Sources */ = {isa = PBXBuildFile; fileRef = 16BB82292B9455F100433846 /* FMDatabaseQueue.m */; };
		16BB82352B9455F100433846 /* FMDatabase.m in Sources */ = {isa = PBXBuildFile; fileRef = 16BB822B2B9455F100433846 /* FMDatabase.m */; };
		16BB82362B9455F100433846 /* FMResultSet.m in Sources */ = {isa = PBXBuildFile; fileRef = 16BB822E2B9455F100433846 /* FMResultSet.m */; };
		16BB82392B94562F00433846 /* libsqlite3.tbd in Frameworks */ = {isa = PBXBuildFile; fileRef = 16BB82382B94562F00433846 /* libsqlite3.tbd */; };
/* End PBXBuildFile section */

/* Begin PBXContainerItemProxy section */
		16BB820A2B94537200433846 /* PBXContainerItemProxy */ = {
			isa = PBXContainerItemProxy;
			containerPortal = 16BB81EB2B94537000433846 /* Project object */;
			proxyType = 1;
			remoteGlobalIDString = 16BB81F22B94537000433846;
			remoteInfo = CollegeDB;
		};
		16BB82142B94537200433846 /* PBXContainerItemProxy */ = {
			isa = PBXContainerItemProxy;
			containerPortal = 16BB81EB2B94537000433846 /* Project object */;
			proxyType = 1;
			remoteGlobalIDString = 16BB81F22B94537000433846;
			remoteInfo = CollegeDB;
		};
/* End PBXContainerItemProxy section */

/* Begin PBXFileReference section */
		16BB81F32B94537000433846 /* CollegeDB.app */ = {isa = PBXFileReference; explicitFileType = wrapper.application; includeInIndex = 0; path = CollegeDB.app; sourceTree = BUILT_PRODUCTS_DIR; };
		16BB81F62B94537000433846 /* AppDelegate.swift */ = {isa = PBXFileReference; lastKnownFileType = sourcecode.swift; path = AppDelegate.swift; sourceTree = "<group>"; };
		16BB81F82B94537000433846 /* SceneDelegate.swift */ = {isa = PBXFileReference; lastKnownFileType = sourcecode.swift; path = SceneDelegate.swift; sourceTree = "<group>"; };
		16BB81FA2B94537000433846 /* ViewController.swift */ = {isa = PBXFileReference; lastKnownFileType = sourcecode.swift; path = ViewController.swift; sourceTree = "<group>"; };
		16BB81FD2B94537100433846 /* Base */ = {isa = PBXFileReference; lastKnownFileType = file.storyboard; name = Base; path = Base.lproj/Main.storyboard; sourceTree = "<group>"; };
		16BB81FF2B94537200433846 /* Assets.xcassets */ = {isa = PBXFileReference; lastKnownFileType = folder.assetcatalog; path = Assets.xcassets; sourceTree = "<group>"; };
		16BB82022B94537200433846 /* Base */ = {isa = PBXFileReference; lastKnownFileType = file.storyboard; name = Base; path = Base.lproj/LaunchScreen.storyboard; sourceTree = "<group>"; };
		16BB82042B94537200433846 /* Info.plist */ = {isa = PBXFileReference; lastKnownFileType = text.plist.xml; path = Info.plist; sourceTree = "<group>"; };
		16BB82092B94537200433846 /* CollegeDBTests.xctest */ = {isa = PBXFileReference; explicitFileType = wrapper.cfbundle; includeInIndex = 0; path = CollegeDBTests.xctest; sourceTree = BUILT_PRODUCTS_DIR; };
		16BB820D2B94537200433846 /* CollegeDBTests.swift */ = {isa = PBXFileReference; lastKnownFileType = sourcecode.swift; path = CollegeDBTests.swift; sourceTree = "<group>"; };
		16BB82132B94537200433846 /* CollegeDBUITests.xctest */ = {isa = PBXFileReference; explicitFileType = wrapper.cfbundle; includeInIndex = 0; path = CollegeDBUITests.xctest; sourceTree = BUILT_PRODUCTS_DIR; };
		16BB82172B94537200433846 /* CollegeDBUITests.swift */ = {isa = PBXFileReference; lastKnownFileType = sourcecode.swift; path = CollegeDBUITests.swift; sourceTree = "<group>"; };
		16BB82192B94537200433846 /* CollegeDBUITestsLaunchTests.swift */ = {isa = PBXFileReference; lastKnownFileType = sourcecode.swift; path = CollegeDBUITestsLaunchTests.swift; sourceTree = "<group>"; };
		16BB82262B9455F000433846 /* CollegeDB-Bridging-Header.h */ = {isa = PBXFileReference; lastKnownFileType = sourcecode.c.h; path = "CollegeDB-Bridging-Header.h"; sourceTree = "<group>"; };
		16BB82272B9455F100433846 /* FMDatabaseAdditions.m */ = {isa = PBXFileReference; fileEncoding = 4; lastKnownFileType = sourcecode.c.objc; path = FMDatabaseAdditions.m; sourceTree = "<group>"; };
		16BB82282B9455F100433846 /* FMDatabasePool.m */ = {isa = PBXFileReference; fileEncoding = 4; lastKnownFileType = sourcecode.c.objc; path = FMDatabasePool.m; sourceTree = "<group>"; };
		16BB82292B9455F100433846 /* FMDatabaseQueue.m */ = {isa = PBXFileReference; fileEncoding = 4; lastKnownFileType = sourcecode.c.objc; path = FMDatabaseQueue.m; sourceTree = "<group>"; };
		16BB822A2B9455F100433846 /* FMDatabaseAdditions.h */ = {isa = PBXFileReference; fileEncoding = 4; lastKnownFileType = sourcecode.c.h; path = FMDatabaseAdditions.h; sourceTree = "<group>"; };
		16BB822B2B9455F100433846 /* FMDatabase.m */ = {isa = PBXFileReference; fileEncoding = 4; lastKnownFileType = sourcecode.c.objc; path = FMDatabase.m; sourceTree = "<group>"; };
		16BB822C2B9455F100433846 /* FMDatabase.h */ = {isa = PBXFileReference; fileEncoding = 4; lastKnownFileType = sourcecode.c.h; path = FMDatabase.h; sourceTree = "<group>"; };
		16BB822D2B9455F100433846 /* FMResultSet.h */ = {isa = PBXFileReference; fileEncoding = 4; lastKnownFileType = sourcecode.c.h; path = FMResultSet.h; sourceTree = "<group>"; };
		16BB822E2B9455F100433846 /* FMResultSet.m */ = {isa = PBXFileReference; fileEncoding = 4; lastKnownFileType = sourcecode.c.objc; path = FMResultSet.m; sourceTree = "<group>"; };
		16BB822F2B9455F100433846 /* FMDatabasePool.h */ = {isa = PBXFileReference; fileEncoding = 4; lastKnownFileType = sourcecode.c.h; path = FMDatabasePool.h; sourceTree = "<group>"; };
		16BB82302B9455F100433846 /* FMDatabaseQueue.h */ = {isa = PBXFileReference; fileEncoding = 4; lastKnownFileType = sourcecode.c.h; path = FMDatabaseQueue.h; sourceTree = "<group>"; };
		16BB82312B9455F100433846 /* FMDB.h */ = {isa = PBXFileReference; fileEncoding = 4; lastKnownFileType = sourcecode.c.h; path = FMDB.h; sourceTree = "<group>"; };
		16BB82382B94562F00433846 /* libsqlite3.tbd */ = {isa = PBXFileReference; lastKnownFileType = "sourcecode.text-based-dylib-definition"; name = libsqlite3.tbd; path = usr/lib/libsqlite3.tbd; sourceTree = SDKROOT; };
/* End PBXFileReference section */

/* Begin PBXFrameworksBuildPhase section */
		16BB81F02B94537000433846 /* Frameworks */ = {
			isa = PBXFrameworksBuildPhase;
			buildActionMask = 2147483647;
			files = (
				16BB82392B94562F00433846 /* libsqlite3.tbd in Frameworks */,
			);
			runOnlyForDeploymentPostprocessing = 0;
		};
		16BB82062B94537200433846 /* Frameworks */ = {
			isa = PBXFrameworksBuildPhase;
			buildActionMask = 2147483647;
			files = (
			);
			runOnlyForDeploymentPostprocessing = 0;
		};
		16BB82102B94537200433846 /* Frameworks */ = {
			isa = PBXFrameworksBuildPhase;
			buildActionMask = 2147483647;
			files = (
			);
			runOnlyForDeploymentPostprocessing = 0;
		};
/* End PBXFrameworksBuildPhase section */

/* Begin PBXGroup section */
		16BB81EA2B94537000433846 = {
			isa = PBXGroup;
			children = (
				16BB81F52B94537000433846 /* CollegeDB */,
				16BB820C2B94537200433846 /* CollegeDBTests */,
				16BB82162B94537200433846 /* CollegeDBUITests */,
				16BB81F42B94537000433846 /* Products */,
				16BB82372B94562F00433846 /* Frameworks */,
			);
			sourceTree = "<group>";
		};
		16BB81F42B94537000433846 /* Products */ = {
			isa = PBXGroup;
			children = (
				16BB81F32B94537000433846 /* CollegeDB.app */,
				16BB82092B94537200433846 /* CollegeDBTests.xctest */,
				16BB82132B94537200433846 /* CollegeDBUITests.xctest */,
			);
			name = Products;
			sourceTree = "<group>";
		};
		16BB81F52B94537000433846 /* CollegeDB */ = {
			isa = PBXGroup;
			children = (
				16BB822C2B9455F100433846 /* FMDatabase.h */,
				16BB822B2B9455F100433846 /* FMDatabase.m */,
				16BB822A2B9455F100433846 /* FMDatabaseAdditions.h */,
				16BB82272B9455F100433846 /* FMDatabaseAdditions.m */,
				16BB822F2B9455F100433846 /* FMDatabasePool.h */,
				16BB82282B9455F100433846 /* FMDatabasePool.m */,
				16BB82302B9455F100433846 /* FMDatabaseQueue.h */,
				16BB82292B9455F100433846 /* FMDatabaseQueue.m */,
				16BB82312B9455F100433846 /* FMDB.h */,
				16BB822D2B9455F100433846 /* FMResultSet.h */,
				16BB822E2B9455F100433846 /* FMResultSet.m */,
				16BB81F62B94537000433846 /* AppDelegate.swift */,
				16BB81F82B94537000433846 /* SceneDelegate.swift */,
				16BB81FA2B94537000433846 /* ViewController.swift */,
				16BB81FC2B94537100433846 /* Main.storyboard */,
				16BB81FF2B94537200433846 /* Assets.xcassets */,
				16BB82012B94537200433846 /* LaunchScreen.storyboard */,
				16BB82042B94537200433846 /* Info.plist */,
				16BB82262B9455F000433846 /* CollegeDB-Bridging-Header.h */,
			);
			path = CollegeDB;
			sourceTree = "<group>";
		};
		16BB820C2B94537200433846 /* CollegeDBTests */ = {
			isa = PBXGroup;
			children = (
				16BB820D2B94537200433846 /* CollegeDBTests.swift */,
			);
			path = CollegeDBTests;
			sourceTree = "<group>";
		};
		16BB82162B94537200433846 /* CollegeDBUITests */ = {
			isa = PBXGroup;
			children = (
				16BB82172B94537200433846 /* CollegeDBUITests.swift */,
				16BB82192B94537200433846 /* CollegeDBUITestsLaunchTests.swift */,
			);
			path = CollegeDBUITests;
			sourceTree = "<group>";
		};
		16BB82372B94562F00433846 /* Frameworks */ = {
			isa = PBXGroup;
			children = (
				16BB82382B94562F00433846 /* libsqlite3.tbd */,
			);
			name = Frameworks;
			sourceTree = "<group>";
		};
/* End PBXGroup section */

/* Begin PBXNativeTarget section */
		16BB81F22B94537000433846 /* CollegeDB */ = {
			isa = PBXNativeTarget;
			buildConfigurationList = 16BB821D2B94537200433846 /* Build configuration list for PBXNativeTarget "CollegeDB" */;
			buildPhases = (
				16BB81EF2B94537000433846 /* Sources */,
				16BB81F02B94537000433846 /* Frameworks */,
				16BB81F12B94537000433846 /* Resources */,
			);
			buildRules = (
			);
			dependencies = (
			);
			name = CollegeDB;
			productName = CollegeDB;
			productReference = 16BB81F32B94537000433846 /* CollegeDB.app */;
			productType = "com.apple.product-type.application";
		};
		16BB82082B94537200433846 /* CollegeDBTests */ = {
			isa = PBXNativeTarget;
			buildConfigurationList = 16BB82202B94537200433846 /* Build configuration list for PBXNativeTarget "CollegeDBTests" */;
			buildPhases = (
				16BB82052B94537200433846 /* Sources */,
				16BB82062B94537200433846 /* Frameworks */,
				16BB82072B94537200433846 /* Resources */,
			);
			buildRules = (
			);
			dependencies = (
				16BB820B2B94537200433846 /* PBXTargetDependency */,
			);
			name = CollegeDBTests;
			productName = CollegeDBTests;
			productReference = 16BB82092B94537200433846 /* CollegeDBTests.xctest */;
			productType = "com.apple.product-type.bundle.unit-test";
		};
		16BB82122B94537200433846 /* CollegeDBUITests */ = {
			isa = PBXNativeTarget;
			buildConfigurationList = 16BB82232B94537200433846 /* Build configuration list for PBXNativeTarget "CollegeDBUITests" */;
			buildPhases = (
				16BB820F2B94537200433846 /* Sources */,
				16BB82102B94537200433846 /* Frameworks */,
				16BB82112B94537200433846 /* Resources */,
			);
			buildRules = (
			);
			dependencies = (
				16BB82152B94537200433846 /* PBXTargetDependency */,
			);
			name = CollegeDBUITests;
			productName = CollegeDBUITests;
			productReference = 16BB82132B94537200433846 /* CollegeDBUITests.xctest */;
			productType = "com.apple.product-type.bundle.ui-testing";
		};
/* End PBXNativeTarget section */

/* Begin PBXProject section */
		16BB81EB2B94537000433846 /* Project object */ = {
			isa = PBXProject;
			attributes = {
				BuildIndependentTargetsInParallel = 1;
				LastSwiftUpdateCheck = 1520;
				LastUpgradeCheck = 1520;
				TargetAttributes = {
					16BB81F22B94537000433846 = {
						CreatedOnToolsVersion = 15.2;
						LastSwiftMigration = 1520;
					};
					16BB82082B94537200433846 = {
						CreatedOnToolsVersion = 15.2;
						TestTargetID = 16BB81F22B94537000433846;
					};
					16BB82122B94537200433846 = {
						CreatedOnToolsVersion = 15.2;
						TestTargetID = 16BB81F22B94537000433846;
					};
				};
			};
			buildConfigurationList = 16BB81EE2B94537000433846 /* Build configuration list for PBXProject "CollegeDB" */;
			compatibilityVersion = "Xcode 14.0";
			developmentRegion = en;
			hasScannedForEncodings = 0;
			knownRegions = (
				en,
				Base,
			);
			mainGroup = 16BB81EA2B94537000433846;
			productRefGroup = 16BB81F42B94537000433846 /* Products */;
			projectDirPath = "";
			projectRoot = "";
			targets = (
				16BB81F22B94537000433846 /* CollegeDB */,
				16BB82082B94537200433846 /* CollegeDBTests */,
				16BB82122B94537200433846 /* CollegeDBUITests */,
			);
		};
/* End PBXProject section */

/* Begin PBXResourcesBuildPhase section */
		16BB81F12B94537000433846 /* Resources */ = {
			isa = PBXResourcesBuildPhase;
			buildActionMask = 2147483647;
			files = (
				16BB82032B94537200433846 /* LaunchScreen.storyboard in Resources */,
				16BB82002B94537200433846 /* Assets.xcassets in Resources */,
				16BB81FE2B94537100433846 /* Main.storyboard in Resources */,
			);
			runOnlyForDeploymentPostprocessing = 0;
		};
		16BB82072B94537200433846 /* Resources */ = {
			isa = PBXResourcesBuildPhase;
			buildActionMask = 2147483647;
			files = (
			);
			runOnlyForDeploymentPostprocessing = 0;
		};
		16BB82112B94537200433846 /* Resources */ = {
			isa = PBXResourcesBuildPhase;
			buildActionMask = 2147483647;
			files = (
			);
			runOnlyForDeploymentPostprocessing = 0;
		};
/* End PBXResourcesBuildPhase section */

/* Begin PBXSourcesBuildPhase section */
		16BB81EF2B94537000433846 /* Sources */ = {
			isa = PBXSourcesBuildPhase;
			buildActionMask = 2147483647;
			files = (
				16BB81FB2B94537000433846 /* ViewController.swift in Sources */,
				16BB81F72B94537000433846 /* AppDelegate.swift in Sources */,
				16BB82332B9455F100433846 /* FMDatabasePool.m in Sources */,
				16BB82352B9455F100433846 /* FMDatabase.m in Sources */,
				16BB81F92B94537000433846 /* SceneDelegate.swift in Sources */,
				16BB82322B9455F100433846 /* FMDatabaseAdditions.m in Sources */,
				16BB82362B9455F100433846 /* FMResultSet.m in Sources */,
				16BB82342B9455F100433846 /* FMDatabaseQueue.m in Sources */,
			);
			runOnlyForDeploymentPostprocessing = 0;
		};
		16BB82052B94537200433846 /* Sources */ = {
			isa = PBXSourcesBuildPhase;
			buildActionMask = 2147483647;
			files = (
				16BB820E2B94537200433846 /* CollegeDBTests.swift in Sources */,
			);
			runOnlyForDeploymentPostprocessing = 0;
		};
		16BB820F2B94537200433846 /* Sources */ = {
			isa = PBXSourcesBuildPhase;
			buildActionMask = 2147483647;
			files = (
				16BB821A2B94537200433846 /* CollegeDBUITestsLaunchTests.swift in Sources */,
				16BB82182B94537200433846 /* CollegeDBUITests.swift in Sources */,
			);
			runOnlyForDeploymentPostprocessing = 0;
		};
/* End PBXSourcesBuildPhase section */

/* Begin PBXTargetDependency section */
		16BB820B2B94537200433846 /* PBXTargetDependency */ = {
			isa = PBXTargetDependency;
			target = 16BB81F22B94537000433846 /* CollegeDB */;
			targetProxy = 16BB820A2B94537200433846 /* PBXContainerItemProxy */;
		};
		16BB82152B94537200433846 /* PBXTargetDependency */ = {
			isa = PBXTargetDependency;
			target = 16BB81F22B94537000433846 /* CollegeDB */;
			targetProxy = 16BB82142B94537200433846 /* PBXContainerItemProxy */;
		};
/* End PBXTargetDependency section */

/* Begin PBXVariantGroup section */
		16BB81FC2B94537100433846 /* Main.storyboard */ = {
			isa = PBXVariantGroup;
			children = (
				16BB81FD2B94537100433846 /* Base */,
			);
			name = Main.storyboard;
			sourceTree = "<group>";
		};
		16BB82012B94537200433846 /* LaunchScreen.storyboard */ = {
			isa = PBXVariantGroup;
			children = (
				16BB82022B94537200433846 /* Base */,
			);
			name = LaunchScreen.storyboard;
			sourceTree = "<group>";
		};
/* End PBXVariantGroup section */

/* Begin XCBuildConfiguration section */
		16BB821B2B94537200433846 /* Debug */ = {
			isa = XCBuildConfiguration;
			buildSettings = {
				ALWAYS_SEARCH_USER_PATHS = NO;
				ASSETCATALOG_COMPILER_GENERATE_SWIFT_ASSET_SYMBOL_EXTENSIONS = YES;
				CLANG_ANALYZER_NONNULL = YES;
				CLANG_ANALYZER_NUMBER_OBJECT_CONVERSION = YES_AGGRESSIVE;
				CLANG_CXX_LANGUAGE_STANDARD = "gnu++20";
				CLANG_ENABLE_MODULES = YES;
				CLANG_ENABLE_OBJC_ARC = YES;
				CLANG_ENABLE_OBJC_WEAK = YES;
				CLANG_WARN_BLOCK_CAPTURE_AUTORELEASING = YES;
				CLANG_WARN_BOOL_CONVERSION = YES;
				CLANG_WARN_COMMA = YES;
				CLANG_WARN_CONSTANT_CONVERSION = YES;
				CLANG_WARN_DEPRECATED_OBJC_IMPLEMENTATIONS = YES;
				CLANG_WARN_DIRECT_OBJC_ISA_USAGE = YES_ERROR;
				CLANG_WARN_DOCUMENTATION_COMMENTS = YES;
				CLANG_WARN_EMPTY_BODY = YES;
				CLANG_WARN_ENUM_CONVERSION = YES;
				CLANG_WARN_INFINITE_RECURSION = YES;
				CLANG_WARN_INT_CONVERSION = YES;
				CLANG_WARN_NON_LITERAL_NULL_CONVERSION = YES;
				CLANG_WARN_OBJC_IMPLICIT_RETAIN_SELF = YES;
				CLANG_WARN_OBJC_LITERAL_CONVERSION = YES;
				CLANG_WARN_OBJC_ROOT_CLASS = YES_ERROR;
				CLANG_WARN_QUOTED_INCLUDE_IN_FRAMEWORK_HEADER = YES;
				CLANG_WARN_RANGE_LOOP_ANALYSIS = YES;
				CLANG_WARN_STRICT_PROTOTYPES = YES;
				CLANG_WARN_SUSPICIOUS_MOVE = YES;
				CLANG_WARN_UNGUARDED_AVAILABILITY = YES_AGGRESSIVE;
				CLANG_WARN_UNREACHABLE_CODE = YES;
				CLANG_WARN__DUPLICATE_METHOD_MATCH = YES;
				COPY_PHASE_STRIP = NO;
				DEBUG_INFORMATION_FORMAT = dwarf;
				ENABLE_STRICT_OBJC_MSGSEND = YES;
				ENABLE_TESTABILITY = YES;
				ENABLE_USER_SCRIPT_SANDBOXING = YES;
				GCC_C_LANGUAGE_STANDARD = gnu17;
				GCC_DYNAMIC_NO_PIC = NO;
				GCC_NO_COMMON_BLOCKS = YES;
				GCC_OPTIMIZATION_LEVEL = 0;
				GCC_PREPROCESSOR_DEFINITIONS = (
					"DEBUG=1",
					"$(inherited)",
				);
				GCC_WARN_64_TO_32_BIT_CONVERSION = YES;
				GCC_WARN_ABOUT_RETURN_TYPE = YES_ERROR;
				GCC_WARN_UNDECLARED_SELECTOR = YES;
				GCC_WARN_UNINITIALIZED_AUTOS = YES_AGGRESSIVE;
				GCC_WARN_UNUSED_FUNCTION = YES;
				GCC_WARN_UNUSED_VARIABLE = YES;
				IPHONEOS_DEPLOYMENT_TARGET = 17.2;
				LOCALIZATION_PREFERS_STRING_CATALOGS = YES;
				MTL_ENABLE_DEBUG_INFO = INCLUDE_SOURCE;
				MTL_FAST_MATH = YES;
				ONLY_ACTIVE_ARCH = YES;
				SDKROOT = iphoneos;
				SWIFT_ACTIVE_COMPILATION_CONDITIONS = "DEBUG $(inherited)";
				SWIFT_OPTIMIZATION_LEVEL = "-Onone";
			};
			name = Debug;
		};
		16BB821C2B94537200433846 /* Release */ = {
			isa = XCBuildConfiguration;
			buildSettings = {
				ALWAYS_SEARCH_USER_PATHS = NO;
				ASSETCATALOG_COMPILER_GENERATE_SWIFT_ASSET_SYMBOL_EXTENSIONS = YES;
				CLANG_ANALYZER_NONNULL = YES;
				CLANG_ANALYZER_NUMBER_OBJECT_CONVERSION = YES_AGGRESSIVE;
				CLANG_CXX_LANGUAGE_STANDARD = "gnu++20";
				CLANG_ENABLE_MODULES = YES;
				CLANG_ENABLE_OBJC_ARC = YES;
				CLANG_ENABLE_OBJC_WEAK = YES;
				CLANG_WARN_BLOCK_CAPTURE_AUTORELEASING = YES;
				CLANG_WARN_BOOL_CONVERSION = YES;
				CLANG_WARN_COMMA = YES;
				CLANG_WARN_CONSTANT_CONVERSION = YES;
				CLANG_WARN_DEPRECATED_OBJC_IMPLEMENTATIONS = YES;
				CLANG_WARN_DIRECT_OBJC_ISA_USAGE = YES_ERROR;
				CLANG_WARN_DOCUMENTATION_COMMENTS = YES;
				CLANG_WARN_EMPTY_BODY = YES;
				CLANG_WARN_ENUM_CONVERSION = YES;
				CLANG_WARN_INFINITE_RECURSION = YES;
				CLANG_WARN_INT_CONVERSION = YES;
				CLANG_WARN_NON_LITERAL_NULL_CONVERSION = YES;
				CLANG_WARN_OBJC_IMPLICIT_RETAIN_SELF = YES;
				CLANG_WARN_OBJC_LITERAL_CONVERSION = YES;
				CLANG_WARN_OBJC_ROOT_CLASS = YES_ERROR;
				CLANG_WARN_QUOTED_INCLUDE_IN_FRAMEWORK_HEADER = YES;
				CLANG_WARN_RANGE_LOOP_ANALYSIS = YES;
				CLANG_WARN_STRICT_PROTOTYPES = YES;
				CLANG_WARN_SUSPICIOUS_MOVE = YES;
				CLANG_WARN_UNGUARDED_AVAILABILITY = YES_AGGRESSIVE;
				CLANG_WARN_UNREACHABLE_CODE = YES;
				CLANG_WARN__DUPLICATE_METHOD_MATCH = YES;
				COPY_PHASE_STRIP = NO;
				DEBUG_INFORMATION_FORMAT = "dwarf-with-dsym";
				ENABLE_NS_ASSERTIONS = NO;
				ENABLE_STRICT_OBJC_MSGSEND = YES;
				ENABLE_USER_SCRIPT_SANDBOXING = YES;
				GCC_C_LANGUAGE_STANDARD = gnu17;
				GCC_NO_COMMON_BLOCKS = YES;
				GCC_WARN_64_TO_32_BIT_CONVERSION = YES;
				GCC_WARN_ABOUT_RETURN_TYPE = YES_ERROR;
				GCC_WARN_UNDECLARED_SELECTOR = YES;
				GCC_WARN_UNINITIALIZED_AUTOS = YES_AGGRESSIVE;
				GCC_WARN_UNUSED_FUNCTION = YES;
				GCC_WARN_UNUSED_VARIABLE = YES;
				IPHONEOS_DEPLOYMENT_TARGET = 17.2;
				LOCALIZATION_PREFERS_STRING_CATALOGS = YES;
				MTL_ENABLE_DEBUG_INFO = NO;
				MTL_FAST_MATH = YES;
				SDKROOT = iphoneos;
				SWIFT_COMPILATION_MODE = wholemodule;
				VALIDATE_PRODUCT = YES;
			};
			name = Release;
		};
		16BB821E2B94537200433846 /* Debug */ = {
			isa = XCBuildConfiguration;
			buildSettings = {
				ASSETCATALOG_COMPILER_APPICON_NAME = AppIcon;
				ASSETCATALOG_COMPILER_GLOBAL_ACCENT_COLOR_NAME = AccentColor;
				CLANG_ENABLE_MODULES = YES;
				CODE_SIGN_STYLE = Automatic;
				CURRENT_PROJECT_VERSION = 1;
				GENERATE_INFOPLIST_FILE = YES;
				INFOPLIST_FILE = CollegeDB/Info.plist;
				INFOPLIST_KEY_UIApplicationSupportsIndirectInputEvents = YES;
				INFOPLIST_KEY_UILaunchStoryboardName = LaunchScreen;
				INFOPLIST_KEY_UIMainStoryboardFile = Main;
				INFOPLIST_KEY_UISupportedInterfaceOrientations_iPad = "UIInterfaceOrientationPortrait UIInterfaceOrientationPortraitUpsideDown UIInterfaceOrientationLandscapeLeft UIInterfaceOrientationLandscapeRight";
				INFOPLIST_KEY_UISupportedInterfaceOrientations_iPhone = "UIInterfaceOrientationPortrait UIInterfaceOrientationLandscapeLeft UIInterfaceOrientationLandscapeRight";
				LD_RUNPATH_SEARCH_PATHS = (
					"$(inherited)",
					"@executable_path/Frameworks",
				);
				MARKETING_VERSION = 1.0;
				PRODUCT_BUNDLE_IDENTIFIER = jlabelle.CollegeDB;
				PRODUCT_NAME = "$(TARGET_NAME)";
				SWIFT_EMIT_LOC_STRINGS = YES;
				SWIFT_OBJC_BRIDGING_HEADER = "CollegeDB/CollegeDB-Bridging-Header.h";
				SWIFT_OPTIMIZATION_LEVEL = "-Onone";
				SWIFT_VERSION = 5.0;
				TARGETED_DEVICE_FAMILY = "1,2";
			};
			name = Debug;
		};
		16BB821F2B94537200433846 /* Release */ = {
			isa = XCBuildConfiguration;
			buildSettings = {
				ASSETCATALOG_COMPILER_APPICON_NAME = AppIcon;
				ASSETCATALOG_COMPILER_GLOBAL_ACCENT_COLOR_NAME = AccentColor;
				CLANG_ENABLE_MODULES = YES;
				CODE_SIGN_STYLE = Automatic;
				CURRENT_PROJECT_VERSION = 1;
				GENERATE_INFOPLIST_FILE = YES;
				INFOPLIST_FILE = CollegeDB/Info.plist;
				INFOPLIST_KEY_UIApplicationSupportsIndirectInputEvents = YES;
				INFOPLIST_KEY_UILaunchStoryboardName = LaunchScreen;
				INFOPLIST_KEY_UIMainStoryboardFile = Main;
				INFOPLIST_KEY_UISupportedInterfaceOrientations_iPad = "UIInterfaceOrientationPortrait UIInterfaceOrientationPortraitUpsideDown UIInterfaceOrientationLandscapeLeft UIInterfaceOrientationLandscapeRight";
				INFOPLIST_KEY_UISupportedInterfaceOrientations_iPhone = "UIInterfaceOrientationPortrait UIInterfaceOrientationLandscapeLeft UIInterfaceOrientationLandscapeRight";
				LD_RUNPATH_SEARCH_PATHS = (
					"$(inherited)",
					"@executable_path/Frameworks",
				);
				MARKETING_VERSION = 1.0;
				PRODUCT_BUNDLE_IDENTIFIER = jlabelle.CollegeDB;
				PRODUCT_NAME = "$(TARGET_NAME)";
				SWIFT_EMIT_LOC_STRINGS = YES;
				SWIFT_OBJC_BRIDGING_HEADER = "CollegeDB/CollegeDB-Bridging-Header.h";
				SWIFT_VERSION = 5.0;
				TARGETED_DEVICE_FAMILY = "1,2";
			};
			name = Release;
		};
		16BB82212B94537200433846 /* Debug */ = {
			isa = XCBuildConfiguration;
			buildSettings = {
				ALWAYS_EMBED_SWIFT_STANDARD_LIBRARIES = YES;
				BUNDLE_LOADER = "$(TEST_HOST)";
				CODE_SIGN_STYLE = Automatic;
				CURRENT_PROJECT_VERSION = 1;
				GENERATE_INFOPLIST_FILE = YES;
				IPHONEOS_DEPLOYMENT_TARGET = 17.2;
				MARKETING_VERSION = 1.0;
				PRODUCT_BUNDLE_IDENTIFIER = jlabelle.CollegeDBTests;
				PRODUCT_NAME = "$(TARGET_NAME)";
				SWIFT_EMIT_LOC_STRINGS = NO;
				SWIFT_VERSION = 5.0;
				TARGETED_DEVICE_FAMILY = "1,2";
				TEST_HOST = "$(BUILT_PRODUCTS_DIR)/CollegeDB.app/$(BUNDLE_EXECUTABLE_FOLDER_PATH)/CollegeDB";
			};
			name = Debug;
		};
		16BB82222B94537200433846 /* Release */ = {
			isa = XCBuildConfiguration;
			buildSettings = {
				ALWAYS_EMBED_SWIFT_STANDARD_LIBRARIES = YES;
				BUNDLE_LOADER = "$(TEST_HOST)";
				CODE_SIGN_STYLE = Automatic;
				CURRENT_PROJECT_VERSION = 1;
				GENERATE_INFOPLIST_FILE = YES;
				IPHONEOS_DEPLOYMENT_TARGET = 17.2;
				MARKETING_VERSION = 1.0;
				PRODUCT_BUNDLE_IDENTIFIER = jlabelle.CollegeDBTests;
				PRODUCT_NAME = "$(TARGET_NAME)";
				SWIFT_EMIT_LOC_STRINGS = NO;
				SWIFT_VERSION = 5.0;
				TARGETED_DEVICE_FAMILY = "1,2";
				TEST_HOST = "$(BUILT_PRODUCTS_DIR)/CollegeDB.app/$(BUNDLE_EXECUTABLE_FOLDER_PATH)/CollegeDB";
			};
			name = Release;
		};
		16BB82242B94537200433846 /* Debug */ = {
			isa = XCBuildConfiguration;
			buildSettings = {
				ALWAYS_EMBED_SWIFT_STANDARD_LIBRARIES = YES;
				CODE_SIGN_STYLE = Automatic;
				CURRENT_PROJECT_VERSION = 1;
				GENERATE_INFOPLIST_FILE = YES;
				MARKETING_VERSION = 1.0;
				PRODUCT_BUNDLE_IDENTIFIER = jlabelle.CollegeDBUITests;
				PRODUCT_NAME = "$(TARGET_NAME)";
				SWIFT_EMIT_LOC_STRINGS = NO;
				SWIFT_VERSION = 5.0;
				TARGETED_DEVICE_FAMILY = "1,2";
				TEST_TARGET_NAME = CollegeDB;
			};
			name = Debug;
		};
		16BB82252B94537200433846 /* Release */ = {
			isa = XCBuildConfiguration;
			buildSettings = {
				ALWAYS_EMBED_SWIFT_STANDARD_LIBRARIES = YES;
				CODE_SIGN_STYLE = Automatic;
				CURRENT_PROJECT_VERSION = 1;
				GENERATE_INFOPLIST_FILE = YES;
				MARKETING_VERSION = 1.0;
				PRODUCT_BUNDLE_IDENTIFIER = jlabelle.CollegeDBUITests;
				PRODUCT_NAME = "$(TARGET_NAME)";
				SWIFT_EMIT_LOC_STRINGS = NO;
				SWIFT_VERSION = 5.0;
				TARGETED_DEVICE_FAMILY = "1,2";
				TEST_TARGET_NAME = CollegeDB;
			};
			name = Release;
		};
/* End XCBuildConfiguration section */

/* Begin XCConfigurationList section */
		16BB81EE2B94537000433846 /* Build configuration list for PBXProject "CollegeDB" */ = {
			isa = XCConfigurationList;
			buildConfigurations = (
				16BB821B2B94537200433846 /* Debug */,
				16BB821C2B94537200433846 /* Release */,
			);
			defaultConfigurationIsVisible = 0;
			defaultConfigurationName = Release;
		};
		16BB821D2B94537200433846 /* Build configuration list for PBXNativeTarget "CollegeDB" */ = {
			isa = XCConfigurationList;
			buildConfigurations = (
				16BB821E2B94537200433846 /* Debug */,
				16BB821F2B94537200433846 /* Release */,
			);
			defaultConfigurationIsVisible = 0;
			defaultConfigurationName = Release;
		};
		16BB82202B94537200433846 /* Build configuration list for PBXNativeTarget "CollegeDBTests" */ = {
			isa = XCConfigurationList;
			buildConfigurations = (
				16BB82212B94537200433846 /* Debug */,
				16BB82222B94537200433846 /* Release */,
			);
			defaultConfigurationIsVisible = 0;
			defaultConfigurationName = Release;
		};
		16BB82232B94537200433846 /* Build configuration list for PBXNativeTarget "CollegeDBUITests" */ = {
			isa = XCConfigurationList;
			buildConfigurations = (
				16BB82242B94537200433846 /* Debug */,
				16BB82252B94537200433846 /* Release */,
			);
			defaultConfigurationIsVisible = 0;
			defaultConfigurationName = Release;
		};
/* End XCConfigurationList section */
	};
	rootObject = 16BB81EB2B94537000433846 /* Project object */;
}
